// !$*UTF8*$!
{
	archiveVersion = 1;
	classes = {
	};
	objectVersion = 46;
	objects = {

/* Begin PBXBuildFile section */
		0598020C1DD0CFD800AE01C2 /* NSErrorExtensions.swift in Sources */ = {isa = PBXBuildFile; fileRef = 0598020B1DD0CFD800AE01C2 /* NSErrorExtensions.swift */; };
		059802151DD0E59500AE01C2 /* UserSessionService.swift in Sources */ = {isa = PBXBuildFile; fileRef = 059802141DD0E59500AE01C2 /* UserSessionService.swift */; };
		0598021A1DD0E6A600AE01C2 /* Dictionary.swift in Sources */ = {isa = PBXBuildFile; fileRef = 059802191DD0E6A600AE01C2 /* Dictionary.swift */; };
		059802321DD1DD9200AE01C2 /* ClientError.swift in Sources */ = {isa = PBXBuildFile; fileRef = 059802311DD1DD9200AE01C2 /* ClientError.swift */; };
		059802351DD1F2E500AE01C2 /* DefaultsService.swift in Sources */ = {isa = PBXBuildFile; fileRef = 059802341DD1F2E500AE01C2 /* DefaultsService.swift */; };
		059802381DD1FE6500AE01C2 /* ObjectMapperMapping.swift in Sources */ = {isa = PBXBuildFile; fileRef = 059802371DD1FE6500AE01C2 /* ObjectMapperMapping.swift */; };
		0598023B1DD1FFA000AE01C2 /* Team.swift in Sources */ = {isa = PBXBuildFile; fileRef = 059802391DD1FFA000AE01C2 /* Team.swift */; };
		0598023C1DD1FFA000AE01C2 /* User.swift in Sources */ = {isa = PBXBuildFile; fileRef = 0598023A1DD1FFA000AE01C2 /* User.swift */; };
		05A4BA8B1DD21B1B007FAA18 /* URL+Validation.swift in Sources */ = {isa = PBXBuildFile; fileRef = 05A4BA8A1DD21B1B007FAA18 /* URL+Validation.swift */; };
		05A4BA8D1DD23BF7007FAA18 /* ServerPing.swift in Sources */ = {isa = PBXBuildFile; fileRef = 05A4BA8C1DD23BF7007FAA18 /* ServerPing.swift */; };
		14B13733842F1F1044A404E9 /* TeamSelectionWireframe.swift in Sources */ = {isa = PBXBuildFile; fileRef = 5564D983738F6BEE75679250 /* TeamSelectionWireframe.swift */; };
		173DCC60CC82AF4BB9CB8D13 /* ForgotPassViewController.swift in Sources */ = {isa = PBXBuildFile; fileRef = 6C00194F806ECB169D05AFAA /* ForgotPassViewController.swift */; };
		254AA795224D1ADFA6038DDC /* Pods_Mattermost.framework in Frameworks */ = {isa = PBXBuildFile; fileRef = BC82200732458B67B33A763D /* Pods_Mattermost.framework */; };
		2A44C1DC0FB2F137E249CE0A /* TeamSelectionPresenter.swift in Sources */ = {isa = PBXBuildFile; fileRef = 969B8EF2C72488B7A8BAB5BD /* TeamSelectionPresenter.swift */; };
		32BC97FE87976F5750722109 /* ServerSelectionInteractor.swift in Sources */ = {isa = PBXBuildFile; fileRef = E32FE9C905A5B69560BEE44C /* ServerSelectionInteractor.swift */; };
		520649B1426F38DD83F40367 /* TeamSelectionProtocols.swift in Sources */ = {isa = PBXBuildFile; fileRef = 26FC560F2D9131DF61E812D6 /* TeamSelectionProtocols.swift */; };
		5B6736DFD1D6387C3B402C0E /* ServerSelectionViewController.swift in Sources */ = {isa = PBXBuildFile; fileRef = 86D6FF0481C053D251BC65D1 /* ServerSelectionViewController.swift */; };
		60E0C1D4BA031AE6AACA07D7 /* ServerSelectionProtocols.swift in Sources */ = {isa = PBXBuildFile; fileRef = 4AECF7C75E265C9140F7C44A /* ServerSelectionProtocols.swift */; };
		616CF365F1D150AAD8132D66 /* SignInPresenter.swift in Sources */ = {isa = PBXBuildFile; fileRef = AE16C366B8EDD757FF705697 /* SignInPresenter.swift */; };
		762226E5F9B9149D5D258BAE /* ServerSelectionPresenter.swift in Sources */ = {isa = PBXBuildFile; fileRef = BB052551A2DB190AA400A464 /* ServerSelectionPresenter.swift */; };
		87FA385537A2102552BBE990 /* TeamSelectionInteractor.swift in Sources */ = {isa = PBXBuildFile; fileRef = CC5BCEA9AADBE4109909D940 /* TeamSelectionInteractor.swift */; };
		8D7CC4105BB3F751220B3B45 /* SignInInteractor.swift in Sources */ = {isa = PBXBuildFile; fileRef = 1D26ACE9D1BF8CF3D67C8F44 /* SignInInteractor.swift */; };
		99E70DE0B255E98927AA1AB2 /* ForgotPassPresenter.swift in Sources */ = {isa = PBXBuildFile; fileRef = 52545F73EEA28BF1B8E7EC49 /* ForgotPassPresenter.swift */; };
		AE93AAC666D6403D05529721 /* ForgotPassProtocols.swift in Sources */ = {isa = PBXBuildFile; fileRef = 7AF4B694C44E5732CEEBFAB6 /* ForgotPassProtocols.swift */; };
		B64CB89B1DE447C6008EF34B /* ChannelsService.swift in Sources */ = {isa = PBXBuildFile; fileRef = B64CB89A1DE447C6008EF34B /* ChannelsService.swift */; };
		B64CB89E1DE4503A008EF34B /* ChannelsTarget.swift in Sources */ = {isa = PBXBuildFile; fileRef = B64CB89D1DE4503A008EF34B /* ChannelsTarget.swift */; };
		B64CB8A01DE45745008EF34B /* Channel.swift in Sources */ = {isa = PBXBuildFile; fileRef = B64CB89F1DE45745008EF34B /* Channel.swift */; };
		B65C094B1DE3218600A98CED /* ImageCollectionViewCell.swift in Sources */ = {isa = PBXBuildFile; fileRef = B65C09491DE3218600A98CED /* ImageCollectionViewCell.swift */; };
		B65C094C1DE3218600A98CED /* ImageCollectionViewCell.xib in Resources */ = {isa = PBXBuildFile; fileRef = B65C094A1DE3218600A98CED /* ImageCollectionViewCell.xib */; };
		B65C09501DE3399700A98CED /* LabelCollectionViewCell.swift in Sources */ = {isa = PBXBuildFile; fileRef = B65C094E1DE3399700A98CED /* LabelCollectionViewCell.swift */; };
		B65C09511DE3399700A98CED /* LabelCollectionViewCell.xib in Resources */ = {isa = PBXBuildFile; fileRef = B65C094F1DE3399700A98CED /* LabelCollectionViewCell.xib */; };
		B688D4541DE35A72002EAE46 /* ErrorShowing.swift in Sources */ = {isa = PBXBuildFile; fileRef = E7E1C9C21DD61F0900338846 /* ErrorShowing.swift */; };
		B688D4551DE35A8E002EAE46 /* NibLoadable.swift in Sources */ = {isa = PBXBuildFile; fileRef = E75F0DD21DE317D6005630B9 /* NibLoadable.swift */; };
		B688D4561DE35A99002EAE46 /* UICollectionView+Reusable.swift in Sources */ = {isa = PBXBuildFile; fileRef = E75F0DD41DE317D6005630B9 /* UICollectionView+Reusable.swift */; };
		B69548801DE4A7E400C476E1 /* DateHelper.swift in Sources */ = {isa = PBXBuildFile; fileRef = B695487F1DE4A7E400C476E1 /* DateHelper.swift */; };
		B69548821DE5E02D00C476E1 /* ChannelDetailsTarget.swift in Sources */ = {isa = PBXBuildFile; fileRef = B69548811DE5E02D00C476E1 /* ChannelDetailsTarget.swift */; };
		B69548841DE5E29600C476E1 /* ChannelDetails.swift in Sources */ = {isa = PBXBuildFile; fileRef = B69548831DE5E29600C476E1 /* ChannelDetails.swift */; };
		B69548861DE6F4E300C476E1 /* PostsTarget.swift in Sources */ = {isa = PBXBuildFile; fileRef = B69548851DE6F4E300C476E1 /* PostsTarget.swift */; };
		B6BC89B91DE7032C00318EC8 /* Post.swift in Sources */ = {isa = PBXBuildFile; fileRef = B6BC89B81DE7032C00318EC8 /* Post.swift */; };
		B6E118D81DDEFB8C0012FD13 /* AppearanceManager.swift in Sources */ = {isa = PBXBuildFile; fileRef = B6E118D61DDEFB8C0012FD13 /* AppearanceManager.swift */; };
		B6E118D91DDEFB8C0012FD13 /* NavigationManager.swift in Sources */ = {isa = PBXBuildFile; fileRef = B6E118D71DDEFB8C0012FD13 /* NavigationManager.swift */; };
		B6E118DB1DDEFB9C0012FD13 /* TabBarItemExtension.swift in Sources */ = {isa = PBXBuildFile; fileRef = B6E118DA1DDEFB9C0012FD13 /* TabBarItemExtension.swift */; };
		B6E118E41DDEFBB90012FD13 /* ChatsInteractor.swift in Sources */ = {isa = PBXBuildFile; fileRef = B6E118DD1DDEFBB90012FD13 /* ChatsInteractor.swift */; };
		B6E118E51DDEFBB90012FD13 /* ChatsPresenter.swift in Sources */ = {isa = PBXBuildFile; fileRef = B6E118DE1DDEFBB90012FD13 /* ChatsPresenter.swift */; };
		B6E118E61DDEFBB90012FD13 /* ChatsProtocols.swift in Sources */ = {isa = PBXBuildFile; fileRef = B6E118DF1DDEFBB90012FD13 /* ChatsProtocols.swift */; };
		B6E118E71DDEFBB90012FD13 /* ChatsViewController.swift in Sources */ = {isa = PBXBuildFile; fileRef = B6E118E01DDEFBB90012FD13 /* ChatsViewController.swift */; };
		B6E118E81DDEFBB90012FD13 /* ChatsWireframe.swift in Sources */ = {isa = PBXBuildFile; fileRef = B6E118E11DDEFBB90012FD13 /* ChatsWireframe.swift */; };
		B6E118E91DDEFBB90012FD13 /* MainRouting.swift in Sources */ = {isa = PBXBuildFile; fileRef = B6E118E21DDEFBB90012FD13 /* MainRouting.swift */; };
		B6E118FA1DDEFBD60012FD13 /* MenuInteractor.swift in Sources */ = {isa = PBXBuildFile; fileRef = B6E118EC1DDEFBD60012FD13 /* MenuInteractor.swift */; };
		B6E118FB1DDEFBD60012FD13 /* MenuPresenter.swift in Sources */ = {isa = PBXBuildFile; fileRef = B6E118ED1DDEFBD60012FD13 /* MenuPresenter.swift */; };
		B6E118FC1DDEFBD60012FD13 /* MenuProtocols.swift in Sources */ = {isa = PBXBuildFile; fileRef = B6E118EE1DDEFBD60012FD13 /* MenuProtocols.swift */; };
		B6E118FD1DDEFBD60012FD13 /* MenuViewController.swift in Sources */ = {isa = PBXBuildFile; fileRef = B6E118EF1DDEFBD60012FD13 /* MenuViewController.swift */; };
		B6E118FE1DDEFBD60012FD13 /* MenuViewModel.swift in Sources */ = {isa = PBXBuildFile; fileRef = B6E118F01DDEFBD60012FD13 /* MenuViewModel.swift */; };
		B6E118FF1DDEFBD60012FD13 /* MenuWireframe.swift in Sources */ = {isa = PBXBuildFile; fileRef = B6E118F11DDEFBD60012FD13 /* MenuWireframe.swift */; };
		B6E119001DDEFBD60012FD13 /* Menu.storyboard in Resources */ = {isa = PBXBuildFile; fileRef = B6E118F21DDEFBD60012FD13 /* Menu.storyboard */; };
		B6E119011DDEFBD60012FD13 /* SettingsInteractor.swift in Sources */ = {isa = PBXBuildFile; fileRef = B6E118F41DDEFBD60012FD13 /* SettingsInteractor.swift */; };
		B6E119021DDEFBD60012FD13 /* SettingsPresenter.swift in Sources */ = {isa = PBXBuildFile; fileRef = B6E118F51DDEFBD60012FD13 /* SettingsPresenter.swift */; };
		B6E119031DDEFBD60012FD13 /* SettingsProtocols.swift in Sources */ = {isa = PBXBuildFile; fileRef = B6E118F61DDEFBD60012FD13 /* SettingsProtocols.swift */; };
		B6E119041DDEFBD60012FD13 /* SettingsViewController.swift in Sources */ = {isa = PBXBuildFile; fileRef = B6E118F71DDEFBD60012FD13 /* SettingsViewController.swift */; };
		B6E119051DDEFBD60012FD13 /* SettingsWireframe.swift in Sources */ = {isa = PBXBuildFile; fileRef = B6E118F81DDEFBD60012FD13 /* SettingsWireframe.swift */; };
		B6E119061DDEFBD60012FD13 /* SideMenuCoordinator.swift in Sources */ = {isa = PBXBuildFile; fileRef = B6E118F91DDEFBD60012FD13 /* SideMenuCoordinator.swift */; };
		B6E119141DDEFBFA0012FD13 /* CenterContainmentSegue.swift in Sources */ = {isa = PBXBuildFile; fileRef = B6E1190B1DDEFBFA0012FD13 /* CenterContainmentSegue.swift */; };
		B6E119151DDEFBFA0012FD13 /* SideContainmentSegue.swift in Sources */ = {isa = PBXBuildFile; fileRef = B6E1190C1DDEFBFA0012FD13 /* SideContainmentSegue.swift */; };
		B6E119161DDEFBFA0012FD13 /* SideMenuController+CustomTypes.swift in Sources */ = {isa = PBXBuildFile; fileRef = B6E1190D1DDEFBFA0012FD13 /* SideMenuController+CustomTypes.swift */; };
		B6E119171DDEFBFA0012FD13 /* SideMenuController+SideOver.swift in Sources */ = {isa = PBXBuildFile; fileRef = B6E1190E1DDEFBFA0012FD13 /* SideMenuController+SideOver.swift */; };
		B6E119181DDEFBFA0012FD13 /* SideMenuController+SideUnder.swift in Sources */ = {isa = PBXBuildFile; fileRef = B6E1190F1DDEFBFA0012FD13 /* SideMenuController+SideUnder.swift */; };
		B6E119191DDEFBFA0012FD13 /* SideMenuController.swift in Sources */ = {isa = PBXBuildFile; fileRef = B6E119101DDEFBFA0012FD13 /* SideMenuController.swift */; };
		B6E1191A1DDEFBFA0012FD13 /* TransitionAnimator.swift in Sources */ = {isa = PBXBuildFile; fileRef = B6E119111DDEFBFA0012FD13 /* TransitionAnimator.swift */; };
		B6E1191B1DDEFBFA0012FD13 /* UIKitExtensions.swift in Sources */ = {isa = PBXBuildFile; fileRef = B6E119121DDEFBFA0012FD13 /* UIKitExtensions.swift */; };
		B6E1191D1DDEFC410012FD13 /* LabelCell.swift in Sources */ = {isa = PBXBuildFile; fileRef = B6E1191C1DDEFC410012FD13 /* LabelCell.swift */; };
		B6E119201DDF174B0012FD13 /* SingleChatCell.swift in Sources */ = {isa = PBXBuildFile; fileRef = B6E1191E1DDF174B0012FD13 /* SingleChatCell.swift */; };
		B6E119211DDF174B0012FD13 /* SingleChatCell.xib in Resources */ = {isa = PBXBuildFile; fileRef = B6E1191F1DDF174B0012FD13 /* SingleChatCell.xib */; };
		B6E119231DDF30690012FD13 /* UIColorExtensions.swift in Sources */ = {isa = PBXBuildFile; fileRef = B6E119221DDF30690012FD13 /* UIColorExtensions.swift */; };
		B6E119251DDF327C0012FD13 /* ChatRepresentationModel.swift in Sources */ = {isa = PBXBuildFile; fileRef = B6E119241DDF327C0012FD13 /* ChatRepresentationModel.swift */; };
		B6E119271DDF563D0012FD13 /* UIImageView+ImageDownloading.swift in Sources */ = {isa = PBXBuildFile; fileRef = B6E119261DDF563D0012FD13 /* UIImageView+ImageDownloading.swift */; };
		B6E1192B1DDF623A0012FD13 /* GroupChatCell.swift in Sources */ = {isa = PBXBuildFile; fileRef = B6E119291DDF623A0012FD13 /* GroupChatCell.swift */; };
		B6E1192C1DDF623A0012FD13 /* GroupChatCell.xib in Resources */ = {isa = PBXBuildFile; fileRef = B6E1192A1DDF623A0012FD13 /* GroupChatCell.xib */; };
		BFE20322EC44EEB648B2F19A /* SignInProtocols.swift in Sources */ = {isa = PBXBuildFile; fileRef = 3A58F125287A437082362895 /* SignInProtocols.swift */; };
		CEF5EA6357C16A206FD10CE3 /* ForgotPassInteractor.swift in Sources */ = {isa = PBXBuildFile; fileRef = F9642C82AFA097DBA4FDD97D /* ForgotPassInteractor.swift */; };
		DFC407B61DEC56C7002C1FFF /* UserStatusesTarget.swift in Sources */ = {isa = PBXBuildFile; fileRef = DFC407B51DEC56C7002C1FFF /* UserStatusesTarget.swift */; };
		DFEE1D061DECA59700B5BF00 /* ArrayParameterEncoding.swift in Sources */ = {isa = PBXBuildFile; fileRef = DFEE1D051DECA59700B5BF00 /* ArrayParameterEncoding.swift */; };
		E1FEB01077FE23850335AEDB /* AppDelegate.swift in Sources */ = {isa = PBXBuildFile; fileRef = E1FEBB7F050FCC09395E2BAF /* AppDelegate.swift */; };
		E1FEB9B3622451AB29AC886D /* LaunchScreen.storyboard in Resources */ = {isa = PBXBuildFile; fileRef = E1FEB3756A1639D28C72AA79 /* LaunchScreen.storyboard */; };
		E1FEBAD0DF2234629E7B91A1 /* Assets.xcassets in Resources */ = {isa = PBXBuildFile; fileRef = E1FEB52FE2B328F7662C3D9E /* Assets.xcassets */; };
		E29BE190D7FDF84BF453E961 /* ForgotPassWireframe.swift in Sources */ = {isa = PBXBuildFile; fileRef = 499B606646FF7C8F5A9C6205 /* ForgotPassWireframe.swift */; };
		E7327A6A1DDDD21500512EFF /* TeamCell.swift in Sources */ = {isa = PBXBuildFile; fileRef = E7327A681DDDD21500512EFF /* TeamCell.swift */; };
		E7327A6B1DDDD21500512EFF /* TeamCell.xib in Resources */ = {isa = PBXBuildFile; fileRef = E7327A691DDDD21500512EFF /* TeamCell.xib */; };
		E7327A751DE2075C00512EFF /* NetworkingConstants.swift in Sources */ = {isa = PBXBuildFile; fileRef = E7327A741DE2075C00512EFF /* NetworkingConstants.swift */; };
		E7327A771DE21B4A00512EFF /* ServerPingTarget.swift in Sources */ = {isa = PBXBuildFile; fileRef = E7327A761DE21B4A00512EFF /* ServerPingTarget.swift */; };
		E7327A791DE21E8F00512EFF /* ResponseMapping.swift in Sources */ = {isa = PBXBuildFile; fileRef = E7327A781DE21E8F00512EFF /* ResponseMapping.swift */; };
		E7327A7B1DE2252800512EFF /* AllTeamsTarget.swift in Sources */ = {isa = PBXBuildFile; fileRef = E7327A7A1DE2252800512EFF /* AllTeamsTarget.swift */; };
		E7327A7D1DE2257D00512EFF /* NetworkService.swift in Sources */ = {isa = PBXBuildFile; fileRef = E7327A7C1DE2257D00512EFF /* NetworkService.swift */; };
		E734990E1DE319B300C257A5 /* AuthorizationService.swift in Sources */ = {isa = PBXBuildFile; fileRef = 0598021D1DD0EAEF00AE01C2 /* AuthorizationService.swift */; };
		E734990F1DE319E700C257A5 /* Keychain.swift in Sources */ = {isa = PBXBuildFile; fileRef = 0598021B1DD0E7AB00AE01C2 /* Keychain.swift */; };
		E75F0DD01DE2F954005630B9 /* SignInTarget.swift in Sources */ = {isa = PBXBuildFile; fileRef = E75F0DCF1DE2F954005630B9 /* SignInTarget.swift */; };
		E75F0DD71DE317D6005630B9 /* Reusable.swift in Sources */ = {isa = PBXBuildFile; fileRef = E75F0DD31DE317D6005630B9 /* Reusable.swift */; };
		E75F0DD91DE317D6005630B9 /* UITableView+Reusable.swift in Sources */ = {isa = PBXBuildFile; fileRef = E75F0DD51DE317D6005630B9 /* UITableView+Reusable.swift */; };
		E7662BDE1DC73FA100E82AFC /* Routing.swift in Sources */ = {isa = PBXBuildFile; fileRef = E7662BDD1DC73FA100E82AFC /* Routing.swift */; };
		E7662BE01DC7497000E82AFC /* Aliases.swift in Sources */ = {isa = PBXBuildFile; fileRef = E7662BDF1DC7497000E82AFC /* Aliases.swift */; };
		E7967D2C1DCCDE3C0025F402 /* ServerSelectionWireframe.swift in Sources */ = {isa = PBXBuildFile; fileRef = E7967D2B1DCCDE3C0025F402 /* ServerSelectionWireframe.swift */; };
		E7967D2E1DCCE2C30025F402 /* AuthorizationRouter.swift in Sources */ = {isa = PBXBuildFile; fileRef = E7967D2D1DCCE2C30025F402 /* AuthorizationRouter.swift */; };
		E7967D301DCCE71E0025F402 /* SignInWireframe.swift in Sources */ = {isa = PBXBuildFile; fileRef = E7967D2F1DCCE71E0025F402 /* SignInWireframe.swift */; };
		E7967D321DCFA92D0025F402 /* UINavigationBar+Shadow.swift in Sources */ = {isa = PBXBuildFile; fileRef = E7967D311DCFA92D0025F402 /* UINavigationBar+Shadow.swift */; };
		E7967D3C1DD04FB40025F402 /* Main.storyboard in Resources */ = {isa = PBXBuildFile; fileRef = E7967D3B1DD04FB40025F402 /* Main.storyboard */; };
		E7967D3E1DD04FE10025F402 /* MainCoordinator.swift in Sources */ = {isa = PBXBuildFile; fileRef = E7967D3D1DD04FE10025F402 /* MainCoordinator.swift */; };
		E7967D401DD04FF00025F402 /* MainRouter.swift in Sources */ = {isa = PBXBuildFile; fileRef = E7967D3F1DD04FF00025F402 /* MainRouter.swift */; };
		E7967D421DD073230025F402 /* Validators.swift in Sources */ = {isa = PBXBuildFile; fileRef = E7967D411DD073230025F402 /* Validators.swift */; };
		E7A328751DAFE02200C8A6B9 /* MattermostTests.swift in Sources */ = {isa = PBXBuildFile; fileRef = E7A328741DAFE02200C8A6B9 /* MattermostTests.swift */; };
		E7A328801DAFE02200C8A6B9 /* MattermostUITests.swift in Sources */ = {isa = PBXBuildFile; fileRef = E7A3287F1DAFE02200C8A6B9 /* MattermostUITests.swift */; };
		E7A5B21E1DC1F84A00ED2887 /* AppCoordinator.swift in Sources */ = {isa = PBXBuildFile; fileRef = E7A5B21D1DC1F84A00ED2887 /* AppCoordinator.swift */; };
		E7A5B2201DC20EC400ED2887 /* AuthorizationCoordinator.swift in Sources */ = {isa = PBXBuildFile; fileRef = E7A5B21F1DC20EC400ED2887 /* AuthorizationCoordinator.swift */; };
		E7A5B2221DC2137400ED2887 /* R.generated.swift in Sources */ = {isa = PBXBuildFile; fileRef = E7A5B2211DC2137400ED2887 /* R.generated.swift */; };
		E7A5B2281DC24FEE00ED2887 /* Authorization.storyboard in Resources */ = {isa = PBXBuildFile; fileRef = E7A5B2271DC24FEE00ED2887 /* Authorization.storyboard */; };
		E7A5B22B1DC258AE00ED2887 /* GradientButton.swift in Sources */ = {isa = PBXBuildFile; fileRef = E7A5B22A1DC258AE00ED2887 /* GradientButton.swift */; };
		E7A5B22D1DC261C200ED2887 /* UIView+IBInspectable.swift in Sources */ = {isa = PBXBuildFile; fileRef = E7A5B22C1DC261C200ED2887 /* UIView+IBInspectable.swift */; };
		E7AE43F21DCA4E4900475B8F /* UIView+CurrentConstraints.swift in Sources */ = {isa = PBXBuildFile; fileRef = E7AE43F11DCA4E4900475B8F /* UIView+CurrentConstraints.swift */; };
		E7AE43F41DCA531700475B8F /* UIResponder+FirstResponder.swift in Sources */ = {isa = PBXBuildFile; fileRef = E7AE43F31DCA531700475B8F /* UIResponder+FirstResponder.swift */; };
		E7AE43F61DCA5A6500475B8F /* HideKeyboardRecognizer.swift in Sources */ = {isa = PBXBuildFile; fileRef = E7AE43F51DCA5A6500475B8F /* HideKeyboardRecognizer.swift */; };
		E7DCD8431DC9F19400F599D8 /* KeyboardHandler.swift in Sources */ = {isa = PBXBuildFile; fileRef = E7DCD8421DC9F19400F599D8 /* KeyboardHandler.swift */; };
		E7DCD8451DCA155000F599D8 /* Localizable.strings in Resources */ = {isa = PBXBuildFile; fileRef = E7DCD8441DCA155000F599D8 /* Localizable.strings */; };
		E7E1C9BF1DD4A07600338846 /* FormViewController.swift in Sources */ = {isa = PBXBuildFile; fileRef = E7E1C9BE1DD4A07600338846 /* FormViewController.swift */; };
		E7E1C9C11DD61DB400338846 /* ActivityIndication.swift in Sources */ = {isa = PBXBuildFile; fileRef = E7E1C9C01DD61DB400338846 /* ActivityIndication.swift */; };
		E7E1C9C61DD8A9AE00338846 /* MattermostTarget.swift in Sources */ = {isa = PBXBuildFile; fileRef = E7E1C9C51DD8A9AE00338846 /* MattermostTarget.swift */; };
		E7E1C9C81DD8AA4300338846 /* SessionManager.swift in Sources */ = {isa = PBXBuildFile; fileRef = E7E1C9C71DD8AA4300338846 /* SessionManager.swift */; };
		E7E1C9CA1DD9EA8100338846 /* ErrorMapper.swift in Sources */ = {isa = PBXBuildFile; fileRef = E7E1C9C91DD9EA8100338846 /* ErrorMapper.swift */; };
		EEC2A5C891FD92145D059CCF /* SignInViewController.swift in Sources */ = {isa = PBXBuildFile; fileRef = 5D9EA4229E1CC8F86D8CD013 /* SignInViewController.swift */; };
		FABCACF157FD70E5DD6A644E /* TeamSelectionViewController.swift in Sources */ = {isa = PBXBuildFile; fileRef = C26F71A1EBA56A22C9F1B09A /* TeamSelectionViewController.swift */; };
/* End PBXBuildFile section */

/* Begin PBXContainerItemProxy section */
		E7A328711DAFE02200C8A6B9 /* PBXContainerItemProxy */ = {
			isa = PBXContainerItemProxy;
			containerPortal = E7A328541DAFE02200C8A6B9 /* Project object */;
			proxyType = 1;
			remoteGlobalIDString = E7A3285B1DAFE02200C8A6B9;
			remoteInfo = Mattermost;
		};
		E7A3287C1DAFE02200C8A6B9 /* PBXContainerItemProxy */ = {
			isa = PBXContainerItemProxy;
			containerPortal = E7A328541DAFE02200C8A6B9 /* Project object */;
			proxyType = 1;
			remoteGlobalIDString = E7A3285B1DAFE02200C8A6B9;
			remoteInfo = Mattermost;
		};
/* End PBXContainerItemProxy section */

/* Begin PBXFileReference section */
		0598020B1DD0CFD800AE01C2 /* NSErrorExtensions.swift */ = {isa = PBXFileReference; fileEncoding = 4; lastKnownFileType = sourcecode.swift; path = NSErrorExtensions.swift; sourceTree = "<group>"; };
		059802141DD0E59500AE01C2 /* UserSessionService.swift */ = {isa = PBXFileReference; fileEncoding = 4; lastKnownFileType = sourcecode.swift; name = UserSessionService.swift; path = Services/UserSessionService.swift; sourceTree = "<group>"; };
		059802191DD0E6A600AE01C2 /* Dictionary.swift */ = {isa = PBXFileReference; fileEncoding = 4; lastKnownFileType = sourcecode.swift; path = Dictionary.swift; sourceTree = "<group>"; };
		0598021B1DD0E7AB00AE01C2 /* Keychain.swift */ = {isa = PBXFileReference; fileEncoding = 4; lastKnownFileType = sourcecode.swift; path = Keychain.swift; sourceTree = "<group>"; };
		0598021D1DD0EAEF00AE01C2 /* AuthorizationService.swift */ = {isa = PBXFileReference; fileEncoding = 4; lastKnownFileType = sourcecode.swift; name = AuthorizationService.swift; path = Services/AuthorizationService.swift; sourceTree = "<group>"; };
		059802311DD1DD9200AE01C2 /* ClientError.swift */ = {isa = PBXFileReference; fileEncoding = 4; lastKnownFileType = sourcecode.swift; path = ClientError.swift; sourceTree = "<group>"; };
		059802341DD1F2E500AE01C2 /* DefaultsService.swift */ = {isa = PBXFileReference; fileEncoding = 4; lastKnownFileType = sourcecode.swift; name = DefaultsService.swift; path = Services/DefaultsService.swift; sourceTree = "<group>"; };
		059802371DD1FE6500AE01C2 /* ObjectMapperMapping.swift */ = {isa = PBXFileReference; fileEncoding = 4; lastKnownFileType = sourcecode.swift; name = ObjectMapperMapping.swift; path = Mapping/ObjectMapperMapping.swift; sourceTree = "<group>"; };
		059802391DD1FFA000AE01C2 /* Team.swift */ = {isa = PBXFileReference; fileEncoding = 4; lastKnownFileType = sourcecode.swift; path = Team.swift; sourceTree = "<group>"; };
		0598023A1DD1FFA000AE01C2 /* User.swift */ = {isa = PBXFileReference; fileEncoding = 4; lastKnownFileType = sourcecode.swift; path = User.swift; sourceTree = "<group>"; };
		05A4BA891DD215FA007FAA18 /* Mattermost.entitlements */ = {isa = PBXFileReference; lastKnownFileType = text.plist.entitlements; path = Mattermost.entitlements; sourceTree = "<group>"; };
		05A4BA8A1DD21B1B007FAA18 /* URL+Validation.swift */ = {isa = PBXFileReference; fileEncoding = 4; lastKnownFileType = sourcecode.swift; path = "URL+Validation.swift"; sourceTree = "<group>"; };
		05A4BA8C1DD23BF7007FAA18 /* ServerPing.swift */ = {isa = PBXFileReference; fileEncoding = 4; lastKnownFileType = sourcecode.swift; path = ServerPing.swift; sourceTree = "<group>"; };
		1D26ACE9D1BF8CF3D67C8F44 /* SignInInteractor.swift */ = {isa = PBXFileReference; includeInIndex = 1; lastKnownFileType = sourcecode.swift; path = SignInInteractor.swift; sourceTree = "<group>"; };
		26FC560F2D9131DF61E812D6 /* TeamSelectionProtocols.swift */ = {isa = PBXFileReference; includeInIndex = 1; lastKnownFileType = sourcecode.swift; path = TeamSelectionProtocols.swift; sourceTree = "<group>"; };
		3A58F125287A437082362895 /* SignInProtocols.swift */ = {isa = PBXFileReference; includeInIndex = 1; lastKnownFileType = sourcecode.swift; path = SignInProtocols.swift; sourceTree = "<group>"; };
		499B606646FF7C8F5A9C6205 /* ForgotPassWireframe.swift */ = {isa = PBXFileReference; includeInIndex = 1; lastKnownFileType = sourcecode.swift; path = ForgotPassWireframe.swift; sourceTree = "<group>"; };
		4AECF7C75E265C9140F7C44A /* ServerSelectionProtocols.swift */ = {isa = PBXFileReference; includeInIndex = 1; lastKnownFileType = sourcecode.swift; path = ServerSelectionProtocols.swift; sourceTree = "<group>"; };
		52545F73EEA28BF1B8E7EC49 /* ForgotPassPresenter.swift */ = {isa = PBXFileReference; includeInIndex = 1; lastKnownFileType = sourcecode.swift; path = ForgotPassPresenter.swift; sourceTree = "<group>"; };
		5564D983738F6BEE75679250 /* TeamSelectionWireframe.swift */ = {isa = PBXFileReference; includeInIndex = 1; lastKnownFileType = sourcecode.swift; path = TeamSelectionWireframe.swift; sourceTree = "<group>"; };
		5C1CD18CF3E4BA61C009B889 /* Pods-Mattermost.release.xcconfig */ = {isa = PBXFileReference; includeInIndex = 1; lastKnownFileType = text.xcconfig; name = "Pods-Mattermost.release.xcconfig"; path = "Pods/Target Support Files/Pods-Mattermost/Pods-Mattermost.release.xcconfig"; sourceTree = "<group>"; };
		5D9EA4229E1CC8F86D8CD013 /* SignInViewController.swift */ = {isa = PBXFileReference; includeInIndex = 1; lastKnownFileType = sourcecode.swift; path = SignInViewController.swift; sourceTree = "<group>"; };
		6C00194F806ECB169D05AFAA /* ForgotPassViewController.swift */ = {isa = PBXFileReference; includeInIndex = 1; lastKnownFileType = sourcecode.swift; path = ForgotPassViewController.swift; sourceTree = "<group>"; };
		7AF4B694C44E5732CEEBFAB6 /* ForgotPassProtocols.swift */ = {isa = PBXFileReference; includeInIndex = 1; lastKnownFileType = sourcecode.swift; path = ForgotPassProtocols.swift; sourceTree = "<group>"; };
		86D6FF0481C053D251BC65D1 /* ServerSelectionViewController.swift */ = {isa = PBXFileReference; includeInIndex = 1; lastKnownFileType = sourcecode.swift; path = ServerSelectionViewController.swift; sourceTree = "<group>"; };
		969B8EF2C72488B7A8BAB5BD /* TeamSelectionPresenter.swift */ = {isa = PBXFileReference; includeInIndex = 1; lastKnownFileType = sourcecode.swift; path = TeamSelectionPresenter.swift; sourceTree = "<group>"; };
		A01F046DF9EC8F9899A7F700 /* Pods-Mattermost.debug.xcconfig */ = {isa = PBXFileReference; includeInIndex = 1; lastKnownFileType = text.xcconfig; name = "Pods-Mattermost.debug.xcconfig"; path = "Pods/Target Support Files/Pods-Mattermost/Pods-Mattermost.debug.xcconfig"; sourceTree = "<group>"; };
		AE16C366B8EDD757FF705697 /* SignInPresenter.swift */ = {isa = PBXFileReference; includeInIndex = 1; lastKnownFileType = sourcecode.swift; path = SignInPresenter.swift; sourceTree = "<group>"; };
		B64CB89A1DE447C6008EF34B /* ChannelsService.swift */ = {isa = PBXFileReference; fileEncoding = 4; lastKnownFileType = sourcecode.swift; path = ChannelsService.swift; sourceTree = "<group>"; };
		B64CB89D1DE4503A008EF34B /* ChannelsTarget.swift */ = {isa = PBXFileReference; fileEncoding = 4; lastKnownFileType = sourcecode.swift; path = ChannelsTarget.swift; sourceTree = "<group>"; };
		B64CB89F1DE45745008EF34B /* Channel.swift */ = {isa = PBXFileReference; fileEncoding = 4; lastKnownFileType = sourcecode.swift; path = Channel.swift; sourceTree = "<group>"; };
		B65C09491DE3218600A98CED /* ImageCollectionViewCell.swift */ = {isa = PBXFileReference; fileEncoding = 4; lastKnownFileType = sourcecode.swift; path = ImageCollectionViewCell.swift; sourceTree = "<group>"; };
		B65C094A1DE3218600A98CED /* ImageCollectionViewCell.xib */ = {isa = PBXFileReference; fileEncoding = 4; lastKnownFileType = file.xib; path = ImageCollectionViewCell.xib; sourceTree = "<group>"; };
		B65C094E1DE3399700A98CED /* LabelCollectionViewCell.swift */ = {isa = PBXFileReference; fileEncoding = 4; lastKnownFileType = sourcecode.swift; path = LabelCollectionViewCell.swift; sourceTree = "<group>"; };
		B65C094F1DE3399700A98CED /* LabelCollectionViewCell.xib */ = {isa = PBXFileReference; fileEncoding = 4; lastKnownFileType = file.xib; path = LabelCollectionViewCell.xib; sourceTree = "<group>"; };
		B695487F1DE4A7E400C476E1 /* DateHelper.swift */ = {isa = PBXFileReference; fileEncoding = 4; lastKnownFileType = sourcecode.swift; path = DateHelper.swift; sourceTree = "<group>"; };
		B69548811DE5E02D00C476E1 /* ChannelDetailsTarget.swift */ = {isa = PBXFileReference; fileEncoding = 4; lastKnownFileType = sourcecode.swift; path = ChannelDetailsTarget.swift; sourceTree = "<group>"; };
		B69548831DE5E29600C476E1 /* ChannelDetails.swift */ = {isa = PBXFileReference; fileEncoding = 4; lastKnownFileType = sourcecode.swift; path = ChannelDetails.swift; sourceTree = "<group>"; };
		B69548851DE6F4E300C476E1 /* PostsTarget.swift */ = {isa = PBXFileReference; fileEncoding = 4; lastKnownFileType = sourcecode.swift; path = PostsTarget.swift; sourceTree = "<group>"; };
		B6BC89B81DE7032C00318EC8 /* Post.swift */ = {isa = PBXFileReference; fileEncoding = 4; lastKnownFileType = sourcecode.swift; path = Post.swift; sourceTree = "<group>"; };
		B6E118D61DDEFB8C0012FD13 /* AppearanceManager.swift */ = {isa = PBXFileReference; fileEncoding = 4; lastKnownFileType = sourcecode.swift; path = AppearanceManager.swift; sourceTree = "<group>"; };
		B6E118D71DDEFB8C0012FD13 /* NavigationManager.swift */ = {isa = PBXFileReference; fileEncoding = 4; lastKnownFileType = sourcecode.swift; path = NavigationManager.swift; sourceTree = "<group>"; };
		B6E118DA1DDEFB9C0012FD13 /* TabBarItemExtension.swift */ = {isa = PBXFileReference; fileEncoding = 4; lastKnownFileType = sourcecode.swift; path = TabBarItemExtension.swift; sourceTree = "<group>"; };
		B6E118DD1DDEFBB90012FD13 /* ChatsInteractor.swift */ = {isa = PBXFileReference; fileEncoding = 4; lastKnownFileType = sourcecode.swift; path = ChatsInteractor.swift; sourceTree = "<group>"; };
		B6E118DE1DDEFBB90012FD13 /* ChatsPresenter.swift */ = {isa = PBXFileReference; fileEncoding = 4; lastKnownFileType = sourcecode.swift; path = ChatsPresenter.swift; sourceTree = "<group>"; };
		B6E118DF1DDEFBB90012FD13 /* ChatsProtocols.swift */ = {isa = PBXFileReference; fileEncoding = 4; lastKnownFileType = sourcecode.swift; path = ChatsProtocols.swift; sourceTree = "<group>"; };
		B6E118E01DDEFBB90012FD13 /* ChatsViewController.swift */ = {isa = PBXFileReference; fileEncoding = 4; lastKnownFileType = sourcecode.swift; path = ChatsViewController.swift; sourceTree = "<group>"; };
		B6E118E11DDEFBB90012FD13 /* ChatsWireframe.swift */ = {isa = PBXFileReference; fileEncoding = 4; lastKnownFileType = sourcecode.swift; path = ChatsWireframe.swift; sourceTree = "<group>"; };
		B6E118E21DDEFBB90012FD13 /* MainRouting.swift */ = {isa = PBXFileReference; fileEncoding = 4; lastKnownFileType = sourcecode.swift; path = MainRouting.swift; sourceTree = "<group>"; };
		B6E118EC1DDEFBD60012FD13 /* MenuInteractor.swift */ = {isa = PBXFileReference; fileEncoding = 4; lastKnownFileType = sourcecode.swift; path = MenuInteractor.swift; sourceTree = "<group>"; };
		B6E118ED1DDEFBD60012FD13 /* MenuPresenter.swift */ = {isa = PBXFileReference; fileEncoding = 4; lastKnownFileType = sourcecode.swift; path = MenuPresenter.swift; sourceTree = "<group>"; };
		B6E118EE1DDEFBD60012FD13 /* MenuProtocols.swift */ = {isa = PBXFileReference; fileEncoding = 4; lastKnownFileType = sourcecode.swift; path = MenuProtocols.swift; sourceTree = "<group>"; };
		B6E118EF1DDEFBD60012FD13 /* MenuViewController.swift */ = {isa = PBXFileReference; fileEncoding = 4; lastKnownFileType = sourcecode.swift; path = MenuViewController.swift; sourceTree = "<group>"; };
		B6E118F01DDEFBD60012FD13 /* MenuViewModel.swift */ = {isa = PBXFileReference; fileEncoding = 4; lastKnownFileType = sourcecode.swift; path = MenuViewModel.swift; sourceTree = "<group>"; };
		B6E118F11DDEFBD60012FD13 /* MenuWireframe.swift */ = {isa = PBXFileReference; fileEncoding = 4; lastKnownFileType = sourcecode.swift; path = MenuWireframe.swift; sourceTree = "<group>"; };
		B6E118F21DDEFBD60012FD13 /* Menu.storyboard */ = {isa = PBXFileReference; fileEncoding = 4; lastKnownFileType = file.storyboard; path = Menu.storyboard; sourceTree = "<group>"; };
		B6E118F41DDEFBD60012FD13 /* SettingsInteractor.swift */ = {isa = PBXFileReference; fileEncoding = 4; lastKnownFileType = sourcecode.swift; path = SettingsInteractor.swift; sourceTree = "<group>"; };
		B6E118F51DDEFBD60012FD13 /* SettingsPresenter.swift */ = {isa = PBXFileReference; fileEncoding = 4; lastKnownFileType = sourcecode.swift; path = SettingsPresenter.swift; sourceTree = "<group>"; };
		B6E118F61DDEFBD60012FD13 /* SettingsProtocols.swift */ = {isa = PBXFileReference; fileEncoding = 4; lastKnownFileType = sourcecode.swift; path = SettingsProtocols.swift; sourceTree = "<group>"; };
		B6E118F71DDEFBD60012FD13 /* SettingsViewController.swift */ = {isa = PBXFileReference; fileEncoding = 4; lastKnownFileType = sourcecode.swift; path = SettingsViewController.swift; sourceTree = "<group>"; };
		B6E118F81DDEFBD60012FD13 /* SettingsWireframe.swift */ = {isa = PBXFileReference; fileEncoding = 4; lastKnownFileType = sourcecode.swift; path = SettingsWireframe.swift; sourceTree = "<group>"; };
		B6E118F91DDEFBD60012FD13 /* SideMenuCoordinator.swift */ = {isa = PBXFileReference; fileEncoding = 4; lastKnownFileType = sourcecode.swift; path = SideMenuCoordinator.swift; sourceTree = "<group>"; };
		B6E1190B1DDEFBFA0012FD13 /* CenterContainmentSegue.swift */ = {isa = PBXFileReference; fileEncoding = 4; lastKnownFileType = sourcecode.swift; path = CenterContainmentSegue.swift; sourceTree = "<group>"; };
		B6E1190C1DDEFBFA0012FD13 /* SideContainmentSegue.swift */ = {isa = PBXFileReference; fileEncoding = 4; lastKnownFileType = sourcecode.swift; path = SideContainmentSegue.swift; sourceTree = "<group>"; };
		B6E1190D1DDEFBFA0012FD13 /* SideMenuController+CustomTypes.swift */ = {isa = PBXFileReference; fileEncoding = 4; lastKnownFileType = sourcecode.swift; path = "SideMenuController+CustomTypes.swift"; sourceTree = "<group>"; };
		B6E1190E1DDEFBFA0012FD13 /* SideMenuController+SideOver.swift */ = {isa = PBXFileReference; fileEncoding = 4; lastKnownFileType = sourcecode.swift; path = "SideMenuController+SideOver.swift"; sourceTree = "<group>"; };
		B6E1190F1DDEFBFA0012FD13 /* SideMenuController+SideUnder.swift */ = {isa = PBXFileReference; fileEncoding = 4; lastKnownFileType = sourcecode.swift; path = "SideMenuController+SideUnder.swift"; sourceTree = "<group>"; };
		B6E119101DDEFBFA0012FD13 /* SideMenuController.swift */ = {isa = PBXFileReference; fileEncoding = 4; lastKnownFileType = sourcecode.swift; path = SideMenuController.swift; sourceTree = "<group>"; };
		B6E119111DDEFBFA0012FD13 /* TransitionAnimator.swift */ = {isa = PBXFileReference; fileEncoding = 4; lastKnownFileType = sourcecode.swift; path = TransitionAnimator.swift; sourceTree = "<group>"; };
		B6E119121DDEFBFA0012FD13 /* UIKitExtensions.swift */ = {isa = PBXFileReference; fileEncoding = 4; lastKnownFileType = sourcecode.swift; path = UIKitExtensions.swift; sourceTree = "<group>"; };
		B6E1191C1DDEFC410012FD13 /* LabelCell.swift */ = {isa = PBXFileReference; fileEncoding = 4; lastKnownFileType = sourcecode.swift; path = LabelCell.swift; sourceTree = "<group>"; };
		B6E1191E1DDF174B0012FD13 /* SingleChatCell.swift */ = {isa = PBXFileReference; fileEncoding = 4; lastKnownFileType = sourcecode.swift; path = SingleChatCell.swift; sourceTree = "<group>"; };
		B6E1191F1DDF174B0012FD13 /* SingleChatCell.xib */ = {isa = PBXFileReference; fileEncoding = 4; lastKnownFileType = file.xib; path = SingleChatCell.xib; sourceTree = "<group>"; };
		B6E119221DDF30690012FD13 /* UIColorExtensions.swift */ = {isa = PBXFileReference; fileEncoding = 4; lastKnownFileType = sourcecode.swift; path = UIColorExtensions.swift; sourceTree = "<group>"; };
		B6E119241DDF327C0012FD13 /* ChatRepresentationModel.swift */ = {isa = PBXFileReference; fileEncoding = 4; lastKnownFileType = sourcecode.swift; path = ChatRepresentationModel.swift; sourceTree = "<group>"; };
		B6E119261DDF563D0012FD13 /* UIImageView+ImageDownloading.swift */ = {isa = PBXFileReference; fileEncoding = 4; lastKnownFileType = sourcecode.swift; path = "UIImageView+ImageDownloading.swift"; sourceTree = "<group>"; };
		B6E119291DDF623A0012FD13 /* GroupChatCell.swift */ = {isa = PBXFileReference; fileEncoding = 4; lastKnownFileType = sourcecode.swift; path = GroupChatCell.swift; sourceTree = "<group>"; };
		B6E1192A1DDF623A0012FD13 /* GroupChatCell.xib */ = {isa = PBXFileReference; fileEncoding = 4; lastKnownFileType = file.xib; path = GroupChatCell.xib; sourceTree = "<group>"; };
		BB052551A2DB190AA400A464 /* ServerSelectionPresenter.swift */ = {isa = PBXFileReference; includeInIndex = 1; lastKnownFileType = sourcecode.swift; path = ServerSelectionPresenter.swift; sourceTree = "<group>"; };
		BC82200732458B67B33A763D /* Pods_Mattermost.framework */ = {isa = PBXFileReference; explicitFileType = wrapper.framework; includeInIndex = 0; path = Pods_Mattermost.framework; sourceTree = BUILT_PRODUCTS_DIR; };
		C26F71A1EBA56A22C9F1B09A /* TeamSelectionViewController.swift */ = {isa = PBXFileReference; includeInIndex = 1; lastKnownFileType = sourcecode.swift; path = TeamSelectionViewController.swift; sourceTree = "<group>"; };
		CC5BCEA9AADBE4109909D940 /* TeamSelectionInteractor.swift */ = {isa = PBXFileReference; includeInIndex = 1; lastKnownFileType = sourcecode.swift; path = TeamSelectionInteractor.swift; sourceTree = "<group>"; };
		DFC407B51DEC56C7002C1FFF /* UserStatusesTarget.swift */ = {isa = PBXFileReference; fileEncoding = 4; lastKnownFileType = sourcecode.swift; path = UserStatusesTarget.swift; sourceTree = "<group>"; };
		DFEE1D051DECA59700B5BF00 /* ArrayParameterEncoding.swift */ = {isa = PBXFileReference; fileEncoding = 4; lastKnownFileType = sourcecode.swift; path = ArrayParameterEncoding.swift; sourceTree = "<group>"; };
		E1FEB52FE2B328F7662C3D9E /* Assets.xcassets */ = {isa = PBXFileReference; lastKnownFileType = folder.assetcatalog; path = Assets.xcassets; sourceTree = "<group>"; };
		E1FEBB2EA6D014656D7AE150 /* Info.plist */ = {isa = PBXFileReference; fileEncoding = 4; lastKnownFileType = text.plist.info; path = Info.plist; sourceTree = "<group>"; };
		E1FEBB7F050FCC09395E2BAF /* AppDelegate.swift */ = {isa = PBXFileReference; fileEncoding = 4; lastKnownFileType = sourcecode.swift; path = AppDelegate.swift; sourceTree = "<group>"; };
		E1FEBC03397771BFF833A59E /* Base */ = {isa = PBXFileReference; lastKnownFileType = file.storyboard; name = Base; path = Mattermost/Base.lproj/LaunchScreen.storyboard; sourceTree = SOURCE_ROOT; };
		E32FE9C905A5B69560BEE44C /* ServerSelectionInteractor.swift */ = {isa = PBXFileReference; includeInIndex = 1; lastKnownFileType = sourcecode.swift; path = ServerSelectionInteractor.swift; sourceTree = "<group>"; };
		E7327A681DDDD21500512EFF /* TeamCell.swift */ = {isa = PBXFileReference; fileEncoding = 4; lastKnownFileType = sourcecode.swift; path = TeamCell.swift; sourceTree = "<group>"; };
		E7327A691DDDD21500512EFF /* TeamCell.xib */ = {isa = PBXFileReference; fileEncoding = 4; lastKnownFileType = file.xib; path = TeamCell.xib; sourceTree = "<group>"; };
		E7327A741DE2075C00512EFF /* NetworkingConstants.swift */ = {isa = PBXFileReference; fileEncoding = 4; lastKnownFileType = sourcecode.swift; path = NetworkingConstants.swift; sourceTree = "<group>"; };
		E7327A761DE21B4A00512EFF /* ServerPingTarget.swift */ = {isa = PBXFileReference; fileEncoding = 4; lastKnownFileType = sourcecode.swift; path = ServerPingTarget.swift; sourceTree = "<group>"; };
		E7327A781DE21E8F00512EFF /* ResponseMapping.swift */ = {isa = PBXFileReference; fileEncoding = 4; lastKnownFileType = sourcecode.swift; path = ResponseMapping.swift; sourceTree = "<group>"; };
		E7327A7A1DE2252800512EFF /* AllTeamsTarget.swift */ = {isa = PBXFileReference; fileEncoding = 4; lastKnownFileType = sourcecode.swift; path = AllTeamsTarget.swift; sourceTree = "<group>"; };
		E7327A7C1DE2257D00512EFF /* NetworkService.swift */ = {isa = PBXFileReference; fileEncoding = 4; lastKnownFileType = sourcecode.swift; path = NetworkService.swift; sourceTree = "<group>"; };
		E75F0DCF1DE2F954005630B9 /* SignInTarget.swift */ = {isa = PBXFileReference; fileEncoding = 4; lastKnownFileType = sourcecode.swift; path = SignInTarget.swift; sourceTree = "<group>"; };
		E75F0DD21DE317D6005630B9 /* NibLoadable.swift */ = {isa = PBXFileReference; fileEncoding = 4; lastKnownFileType = sourcecode.swift; path = NibLoadable.swift; sourceTree = "<group>"; };
		E75F0DD31DE317D6005630B9 /* Reusable.swift */ = {isa = PBXFileReference; fileEncoding = 4; lastKnownFileType = sourcecode.swift; path = Reusable.swift; sourceTree = "<group>"; };
		E75F0DD41DE317D6005630B9 /* UICollectionView+Reusable.swift */ = {isa = PBXFileReference; fileEncoding = 4; lastKnownFileType = sourcecode.swift; path = "UICollectionView+Reusable.swift"; sourceTree = "<group>"; };
		E75F0DD51DE317D6005630B9 /* UITableView+Reusable.swift */ = {isa = PBXFileReference; fileEncoding = 4; lastKnownFileType = sourcecode.swift; path = "UITableView+Reusable.swift"; sourceTree = "<group>"; };
		E7662BDD1DC73FA100E82AFC /* Routing.swift */ = {isa = PBXFileReference; fileEncoding = 4; lastKnownFileType = sourcecode.swift; path = Routing.swift; sourceTree = "<group>"; };
		E7662BDF1DC7497000E82AFC /* Aliases.swift */ = {isa = PBXFileReference; fileEncoding = 4; lastKnownFileType = sourcecode.swift; path = Aliases.swift; sourceTree = "<group>"; };
		E7967D2B1DCCDE3C0025F402 /* ServerSelectionWireframe.swift */ = {isa = PBXFileReference; fileEncoding = 4; lastKnownFileType = sourcecode.swift; path = ServerSelectionWireframe.swift; sourceTree = "<group>"; };
		E7967D2D1DCCE2C30025F402 /* AuthorizationRouter.swift */ = {isa = PBXFileReference; fileEncoding = 4; lastKnownFileType = sourcecode.swift; path = AuthorizationRouter.swift; sourceTree = "<group>"; };
		E7967D2F1DCCE71E0025F402 /* SignInWireframe.swift */ = {isa = PBXFileReference; fileEncoding = 4; lastKnownFileType = sourcecode.swift; path = SignInWireframe.swift; sourceTree = "<group>"; };
		E7967D311DCFA92D0025F402 /* UINavigationBar+Shadow.swift */ = {isa = PBXFileReference; fileEncoding = 4; lastKnownFileType = sourcecode.swift; path = "UINavigationBar+Shadow.swift"; sourceTree = "<group>"; };
		E7967D3B1DD04FB40025F402 /* Main.storyboard */ = {isa = PBXFileReference; fileEncoding = 4; lastKnownFileType = file.storyboard; path = Main.storyboard; sourceTree = "<group>"; };
		E7967D3D1DD04FE10025F402 /* MainCoordinator.swift */ = {isa = PBXFileReference; fileEncoding = 4; lastKnownFileType = sourcecode.swift; path = MainCoordinator.swift; sourceTree = "<group>"; };
		E7967D3F1DD04FF00025F402 /* MainRouter.swift */ = {isa = PBXFileReference; fileEncoding = 4; lastKnownFileType = sourcecode.swift; path = MainRouter.swift; sourceTree = "<group>"; };
		E7967D411DD073230025F402 /* Validators.swift */ = {isa = PBXFileReference; fileEncoding = 4; lastKnownFileType = sourcecode.swift; path = Validators.swift; sourceTree = "<group>"; };
		E7A3285C1DAFE02200C8A6B9 /* Mattermost.app */ = {isa = PBXFileReference; explicitFileType = wrapper.application; includeInIndex = 0; path = Mattermost.app; sourceTree = BUILT_PRODUCTS_DIR; };
		E7A328701DAFE02200C8A6B9 /* MattermostTests.xctest */ = {isa = PBXFileReference; explicitFileType = wrapper.cfbundle; includeInIndex = 0; path = MattermostTests.xctest; sourceTree = BUILT_PRODUCTS_DIR; };
		E7A328741DAFE02200C8A6B9 /* MattermostTests.swift */ = {isa = PBXFileReference; lastKnownFileType = sourcecode.swift; path = MattermostTests.swift; sourceTree = "<group>"; };
		E7A328761DAFE02200C8A6B9 /* Info.plist */ = {isa = PBXFileReference; lastKnownFileType = text.plist.xml; path = Info.plist; sourceTree = "<group>"; };
		E7A3287B1DAFE02200C8A6B9 /* MattermostUITests.xctest */ = {isa = PBXFileReference; explicitFileType = wrapper.cfbundle; includeInIndex = 0; path = MattermostUITests.xctest; sourceTree = BUILT_PRODUCTS_DIR; };
		E7A3287F1DAFE02200C8A6B9 /* MattermostUITests.swift */ = {isa = PBXFileReference; lastKnownFileType = sourcecode.swift; path = MattermostUITests.swift; sourceTree = "<group>"; };
		E7A328811DAFE02200C8A6B9 /* Info.plist */ = {isa = PBXFileReference; lastKnownFileType = text.plist.xml; path = Info.plist; sourceTree = "<group>"; };
		E7A5B21D1DC1F84A00ED2887 /* AppCoordinator.swift */ = {isa = PBXFileReference; fileEncoding = 4; lastKnownFileType = sourcecode.swift; path = AppCoordinator.swift; sourceTree = "<group>"; };
		E7A5B21F1DC20EC400ED2887 /* AuthorizationCoordinator.swift */ = {isa = PBXFileReference; fileEncoding = 4; lastKnownFileType = sourcecode.swift; path = AuthorizationCoordinator.swift; sourceTree = "<group>"; };
		E7A5B2211DC2137400ED2887 /* R.generated.swift */ = {isa = PBXFileReference; fileEncoding = 4; lastKnownFileType = sourcecode.swift; path = R.generated.swift; sourceTree = "<group>"; };
		E7A5B2271DC24FEE00ED2887 /* Authorization.storyboard */ = {isa = PBXFileReference; fileEncoding = 4; lastKnownFileType = file.storyboard; path = Authorization.storyboard; sourceTree = "<group>"; };
		E7A5B22A1DC258AE00ED2887 /* GradientButton.swift */ = {isa = PBXFileReference; fileEncoding = 4; lastKnownFileType = sourcecode.swift; path = GradientButton.swift; sourceTree = "<group>"; };
		E7A5B22C1DC261C200ED2887 /* UIView+IBInspectable.swift */ = {isa = PBXFileReference; fileEncoding = 4; lastKnownFileType = sourcecode.swift; path = "UIView+IBInspectable.swift"; sourceTree = "<group>"; };
		E7AE43F11DCA4E4900475B8F /* UIView+CurrentConstraints.swift */ = {isa = PBXFileReference; fileEncoding = 4; lastKnownFileType = sourcecode.swift; path = "UIView+CurrentConstraints.swift"; sourceTree = "<group>"; };
		E7AE43F31DCA531700475B8F /* UIResponder+FirstResponder.swift */ = {isa = PBXFileReference; fileEncoding = 4; lastKnownFileType = sourcecode.swift; path = "UIResponder+FirstResponder.swift"; sourceTree = "<group>"; };
		E7AE43F51DCA5A6500475B8F /* HideKeyboardRecognizer.swift */ = {isa = PBXFileReference; fileEncoding = 4; lastKnownFileType = sourcecode.swift; path = HideKeyboardRecognizer.swift; sourceTree = "<group>"; };
		E7DCD8421DC9F19400F599D8 /* KeyboardHandler.swift */ = {isa = PBXFileReference; fileEncoding = 4; lastKnownFileType = sourcecode.swift; path = KeyboardHandler.swift; sourceTree = "<group>"; };
		E7DCD8441DCA155000F599D8 /* Localizable.strings */ = {isa = PBXFileReference; fileEncoding = 4; lastKnownFileType = text.plist.strings; path = Localizable.strings; sourceTree = "<group>"; };
		E7E1C9BE1DD4A07600338846 /* FormViewController.swift */ = {isa = PBXFileReference; fileEncoding = 4; lastKnownFileType = sourcecode.swift; path = FormViewController.swift; sourceTree = "<group>"; };
		E7E1C9C01DD61DB400338846 /* ActivityIndication.swift */ = {isa = PBXFileReference; fileEncoding = 4; lastKnownFileType = sourcecode.swift; path = ActivityIndication.swift; sourceTree = "<group>"; };
		E7E1C9C21DD61F0900338846 /* ErrorShowing.swift */ = {isa = PBXFileReference; fileEncoding = 4; lastKnownFileType = sourcecode.swift; path = ErrorShowing.swift; sourceTree = "<group>"; };
		E7E1C9C51DD8A9AE00338846 /* MattermostTarget.swift */ = {isa = PBXFileReference; fileEncoding = 4; lastKnownFileType = sourcecode.swift; path = MattermostTarget.swift; sourceTree = "<group>"; };
		E7E1C9C71DD8AA4300338846 /* SessionManager.swift */ = {isa = PBXFileReference; fileEncoding = 4; lastKnownFileType = sourcecode.swift; path = SessionManager.swift; sourceTree = "<group>"; };
		E7E1C9C91DD9EA8100338846 /* ErrorMapper.swift */ = {isa = PBXFileReference; fileEncoding = 4; lastKnownFileType = sourcecode.swift; path = ErrorMapper.swift; sourceTree = "<group>"; };
		F9642C82AFA097DBA4FDD97D /* ForgotPassInteractor.swift */ = {isa = PBXFileReference; includeInIndex = 1; lastKnownFileType = sourcecode.swift; path = ForgotPassInteractor.swift; sourceTree = "<group>"; };
/* End PBXFileReference section */

/* Begin PBXFrameworksBuildPhase section */
		E7A328591DAFE02200C8A6B9 /* Frameworks */ = {
			isa = PBXFrameworksBuildPhase;
			buildActionMask = 2147483647;
			files = (
				254AA795224D1ADFA6038DDC /* Pods_Mattermost.framework in Frameworks */,
			);
			runOnlyForDeploymentPostprocessing = 0;
		};
		E7A3286D1DAFE02200C8A6B9 /* Frameworks */ = {
			isa = PBXFrameworksBuildPhase;
			buildActionMask = 2147483647;
			files = (
			);
			runOnlyForDeploymentPostprocessing = 0;
		};
		E7A328781DAFE02200C8A6B9 /* Frameworks */ = {
			isa = PBXFrameworksBuildPhase;
			buildActionMask = 2147483647;
			files = (
			);
			runOnlyForDeploymentPostprocessing = 0;
		};
/* End PBXFrameworksBuildPhase section */

/* Begin PBXGroup section */
		0598020D1DD0D31700AE01C2 /* ErrorHandling */ = {
			isa = PBXGroup;
			children = (
				E7E1C9C91DD9EA8100338846 /* ErrorMapper.swift */,
			);
			name = ErrorHandling;
			sourceTree = "<group>";
		};
		059802131DD0E4FA00AE01C2 /* Services */ = {
			isa = PBXGroup;
			children = (
				E7327A7C1DE2257D00512EFF /* NetworkService.swift */,
				059802141DD0E59500AE01C2 /* UserSessionService.swift */,
				0598021D1DD0EAEF00AE01C2 /* AuthorizationService.swift */,
				059802341DD1F2E500AE01C2 /* DefaultsService.swift */,
				B64CB89A1DE447C6008EF34B /* ChannelsService.swift */,
			);
			name = Services;
			sourceTree = "<group>";
		};
		059802301DD1DD9200AE01C2 /* Models */ = {
			isa = PBXGroup;
			children = (
				059802391DD1FFA000AE01C2 /* Team.swift */,
				0598023A1DD1FFA000AE01C2 /* User.swift */,
				059802311DD1DD9200AE01C2 /* ClientError.swift */,
				05A4BA8C1DD23BF7007FAA18 /* ServerPing.swift */,
				B64CB89F1DE45745008EF34B /* Channel.swift */,
				B69548831DE5E29600C476E1 /* ChannelDetails.swift */,
				B6BC89B81DE7032C00318EC8 /* Post.swift */,
			);
			path = Models;
			sourceTree = "<group>";
		};
		059802361DD1FE4900AE01C2 /* Mapping */ = {
			isa = PBXGroup;
			children = (
				059802371DD1FE6500AE01C2 /* ObjectMapperMapping.swift */,
				E7327A781DE21E8F00512EFF /* ResponseMapping.swift */,
				DFEE1D051DECA59700B5BF00 /* ArrayParameterEncoding.swift */,
			);
			name = Mapping;
			sourceTree = "<group>";
		};
		2D90FCBD82307673C2DA11A4 /* TeamSelection */ = {
			isa = PBXGroup;
			children = (
				26FC560F2D9131DF61E812D6 /* TeamSelectionProtocols.swift */,
				C26F71A1EBA56A22C9F1B09A /* TeamSelectionViewController.swift */,
				969B8EF2C72488B7A8BAB5BD /* TeamSelectionPresenter.swift */,
				CC5BCEA9AADBE4109909D940 /* TeamSelectionInteractor.swift */,
				5564D983738F6BEE75679250 /* TeamSelectionWireframe.swift */,
				E7327A671DDDD1D000512EFF /* Cells */,
			);
			path = TeamSelection;
			sourceTree = "<group>";
		};
		4DF1514CB8DEC9E67EC8A44A /* SignIn */ = {
			isa = PBXGroup;
			children = (
				3A58F125287A437082362895 /* SignInProtocols.swift */,
				5D9EA4229E1CC8F86D8CD013 /* SignInViewController.swift */,
				AE16C366B8EDD757FF705697 /* SignInPresenter.swift */,
				1D26ACE9D1BF8CF3D67C8F44 /* SignInInteractor.swift */,
				E7967D2F1DCCE71E0025F402 /* SignInWireframe.swift */,
			);
			path = SignIn;
			sourceTree = "<group>";
		};
		8052B8FF208275A91A3514E6 /* Frameworks */ = {
			isa = PBXGroup;
			children = (
				BC82200732458B67B33A763D /* Pods_Mattermost.framework */,
			);
			name = Frameworks;
			sourceTree = "<group>";
		};
		A35F8B94124AF3A14A67948C /* ForgotPass */ = {
			isa = PBXGroup;
			children = (
				7AF4B694C44E5732CEEBFAB6 /* ForgotPassProtocols.swift */,
				6C00194F806ECB169D05AFAA /* ForgotPassViewController.swift */,
				52545F73EEA28BF1B8E7EC49 /* ForgotPassPresenter.swift */,
				F9642C82AFA097DBA4FDD97D /* ForgotPassInteractor.swift */,
				499B606646FF7C8F5A9C6205 /* ForgotPassWireframe.swift */,
			);
			path = ForgotPass;
			sourceTree = "<group>";
		};
		A74A7464CFC3EBB4C4CAC557 /* Pods */ = {
			isa = PBXGroup;
			children = (
				A01F046DF9EC8F9899A7F700 /* Pods-Mattermost.debug.xcconfig */,
				5C1CD18CF3E4BA61C009B889 /* Pods-Mattermost.release.xcconfig */,
			);
			name = Pods;
			sourceTree = "<group>";
		};
		B64CB89C1DE4501A008EF34B /* Channels */ = {
			isa = PBXGroup;
			children = (
				B64CB89D1DE4503A008EF34B /* ChannelsTarget.swift */,
				B69548811DE5E02D00C476E1 /* ChannelDetailsTarget.swift */,
				B69548851DE6F4E300C476E1 /* PostsTarget.swift */,
				DFC407B51DEC56C7002C1FFF /* UserStatusesTarget.swift */,
			);
			path = Channels;
			sourceTree = "<group>";
		};
		B65C094D1DE3218C00A98CED /* ImageCollectionViewCell */ = {
			isa = PBXGroup;
			children = (
				B65C09491DE3218600A98CED /* ImageCollectionViewCell.swift */,
				B65C094A1DE3218600A98CED /* ImageCollectionViewCell.xib */,
			);
			name = ImageCollectionViewCell;
			sourceTree = "<group>";
		};
		B65C09521DE3399B00A98CED /* LabelCollectionViewCell */ = {
			isa = PBXGroup;
			children = (
				B65C094E1DE3399700A98CED /* LabelCollectionViewCell.swift */,
				B65C094F1DE3399700A98CED /* LabelCollectionViewCell.xib */,
			);
			name = LabelCollectionViewCell;
			sourceTree = "<group>";
		};
		B695487E1DE4A7D700C476E1 /* Helpers */ = {
			isa = PBXGroup;
			children = (
				B695487F1DE4A7E400C476E1 /* DateHelper.swift */,
			);
			path = Helpers;
			sourceTree = "<group>";
		};
		B6E118DC1DDEFBB90012FD13 /* Chats */ = {
			isa = PBXGroup;
			children = (
				B6E118DD1DDEFBB90012FD13 /* ChatsInteractor.swift */,
				B6E118DE1DDEFBB90012FD13 /* ChatsPresenter.swift */,
				B6E118DF1DDEFBB90012FD13 /* ChatsProtocols.swift */,
				B6E118E01DDEFBB90012FD13 /* ChatsViewController.swift */,
				B6E118E11DDEFBB90012FD13 /* ChatsWireframe.swift */,
				B6E119241DDF327C0012FD13 /* ChatRepresentationModel.swift */,
			);
			path = Chats;
			sourceTree = "<group>";
		};
		B6E118EA1DDEFBD60012FD13 /* Menu */ = {
			isa = PBXGroup;
			children = (
				B6E118F21DDEFBD60012FD13 /* Menu.storyboard */,
				B6E118F91DDEFBD60012FD13 /* SideMenuCoordinator.swift */,
				B6E118EB1DDEFBD60012FD13 /* Menu */,
				B6E118F31DDEFBD60012FD13 /* Settings */,
			);
			path = Menu;
			sourceTree = "<group>";
		};
		B6E118EB1DDEFBD60012FD13 /* Menu */ = {
			isa = PBXGroup;
			children = (
				B6E118EC1DDEFBD60012FD13 /* MenuInteractor.swift */,
				B6E118ED1DDEFBD60012FD13 /* MenuPresenter.swift */,
				B6E118EE1DDEFBD60012FD13 /* MenuProtocols.swift */,
				B6E118EF1DDEFBD60012FD13 /* MenuViewController.swift */,
				B6E118F01DDEFBD60012FD13 /* MenuViewModel.swift */,
				B6E118F11DDEFBD60012FD13 /* MenuWireframe.swift */,
			);
			path = Menu;
			sourceTree = "<group>";
		};
		B6E118F31DDEFBD60012FD13 /* Settings */ = {
			isa = PBXGroup;
			children = (
				B6E118F41DDEFBD60012FD13 /* SettingsInteractor.swift */,
				B6E118F51DDEFBD60012FD13 /* SettingsPresenter.swift */,
				B6E118F61DDEFBD60012FD13 /* SettingsProtocols.swift */,
				B6E118F71DDEFBD60012FD13 /* SettingsViewController.swift */,
				B6E118F81DDEFBD60012FD13 /* SettingsWireframe.swift */,
			);
			path = Settings;
			sourceTree = "<group>";
		};
		B6E119071DDEFBFA0012FD13 /* 3rdPartyLibraries */ = {
			isa = PBXGroup;
			children = (
				E75F0DD11DE3177A005630B9 /* Reusable */,
				B6E119091DDEFBFA0012FD13 /* SideMenuController */,
			);
			path = 3rdPartyLibraries;
			sourceTree = "<group>";
		};
		B6E119091DDEFBFA0012FD13 /* SideMenuController */ = {
			isa = PBXGroup;
			children = (
				B6E1190A1DDEFBFA0012FD13 /* Source */,
			);
			path = SideMenuController;
			sourceTree = "<group>";
		};
		B6E1190A1DDEFBFA0012FD13 /* Source */ = {
			isa = PBXGroup;
			children = (
				B6E1190B1DDEFBFA0012FD13 /* CenterContainmentSegue.swift */,
				B6E1190C1DDEFBFA0012FD13 /* SideContainmentSegue.swift */,
				B6E1190D1DDEFBFA0012FD13 /* SideMenuController+CustomTypes.swift */,
				B6E1190E1DDEFBFA0012FD13 /* SideMenuController+SideOver.swift */,
				B6E1190F1DDEFBFA0012FD13 /* SideMenuController+SideUnder.swift */,
				B6E119101DDEFBFA0012FD13 /* SideMenuController.swift */,
				B6E119111DDEFBFA0012FD13 /* TransitionAnimator.swift */,
				B6E119121DDEFBFA0012FD13 /* UIKitExtensions.swift */,
			);
			path = Source;
			sourceTree = "<group>";
		};
		B6E119281DDF620C0012FD13 /* SingleChatCell */ = {
			isa = PBXGroup;
			children = (
				B6E1191E1DDF174B0012FD13 /* SingleChatCell.swift */,
				B6E1191F1DDF174B0012FD13 /* SingleChatCell.xib */,
			);
			name = SingleChatCell;
			sourceTree = "<group>";
		};
		B6E1192D1DDF638F0012FD13 /* GroupChatCell */ = {
			isa = PBXGroup;
			children = (
				B6E119291DDF623A0012FD13 /* GroupChatCell.swift */,
				B6E1192A1DDF623A0012FD13 /* GroupChatCell.xib */,
			);
			name = GroupChatCell;
			sourceTree = "<group>";
		};
		E1FEB080E6FA78BD4B1739EB /* Authorization */ = {
			isa = PBXGroup;
			children = (
				E7A5B2271DC24FEE00ED2887 /* Authorization.storyboard */,
				E7A5B21F1DC20EC400ED2887 /* AuthorizationCoordinator.swift */,
				E7967D2D1DCCE2C30025F402 /* AuthorizationRouter.swift */,
				E7A5B2231DC21DB700ED2887 /* ServerSelection */,
				4DF1514CB8DEC9E67EC8A44A /* SignIn */,
				A35F8B94124AF3A14A67948C /* ForgotPass */,
				2D90FCBD82307673C2DA11A4 /* TeamSelection */,
			);
			path = Authorization;
			sourceTree = "<group>";
		};
		E1FEB0CDBF27AD3F5D411DBE /* Common */ = {
			isa = PBXGroup;
			children = (
				B695487E1DE4A7D700C476E1 /* Helpers */,
				E7DCD8411DC9ECCE00F599D8 /* Tools */,
				E7A5B2241DC2216700ED2887 /* Protocols */,
				E1FEB40EC0A8BFC83B97EDB3 /* Extensions */,
				E1FEB1B1B7BDEE9AFB6420E4 /* Constants */,
				E7E1C9BD1DD4A02F00338846 /* ViewControllers */,
				E1FEBFF201A393191364223E /* Views */,
				E1FEBD66A97AE19CFB7DCCA0 /* Cells */,
			);
			path = Common;
			sourceTree = "<group>";
		};
		E1FEB1B1B7BDEE9AFB6420E4 /* Constants */ = {
			isa = PBXGroup;
			children = (
				E7662BDF1DC7497000E82AFC /* Aliases.swift */,
				0598021B1DD0E7AB00AE01C2 /* Keychain.swift */,
			);
			path = Constants;
			sourceTree = "<group>";
		};
		E1FEB40EC0A8BFC83B97EDB3 /* Extensions */ = {
			isa = PBXGroup;
			children = (
				B6E118DA1DDEFB9C0012FD13 /* TabBarItemExtension.swift */,
				0598020B1DD0CFD800AE01C2 /* NSErrorExtensions.swift */,
				E7A5B22C1DC261C200ED2887 /* UIView+IBInspectable.swift */,
				E7AE43F11DCA4E4900475B8F /* UIView+CurrentConstraints.swift */,
				E7AE43F31DCA531700475B8F /* UIResponder+FirstResponder.swift */,
				E7967D311DCFA92D0025F402 /* UINavigationBar+Shadow.swift */,
				05A4BA8A1DD21B1B007FAA18 /* URL+Validation.swift */,
				B6E119221DDF30690012FD13 /* UIColorExtensions.swift */,
				B6E119261DDF563D0012FD13 /* UIImageView+ImageDownloading.swift */,
			);
			path = Extensions;
			sourceTree = "<group>";
		};
		E1FEBC21F4502D5B95BB8926 /* Resources */ = {
			isa = PBXGroup;
			children = (
				E7A5B2211DC2137400ED2887 /* R.generated.swift */,
				E1FEB52FE2B328F7662C3D9E /* Assets.xcassets */,
				E1FEB3756A1639D28C72AA79 /* LaunchScreen.storyboard */,
				E1FEBB2EA6D014656D7AE150 /* Info.plist */,
				E7DCD8441DCA155000F599D8 /* Localizable.strings */,
			);
			path = Resources;
			sourceTree = "<group>";
		};
		E1FEBD66A97AE19CFB7DCCA0 /* Cells */ = {
			isa = PBXGroup;
			children = (
				B6E1191C1DDEFC410012FD13 /* LabelCell.swift */,
				B6E119281DDF620C0012FD13 /* SingleChatCell */,
				B6E1192D1DDF638F0012FD13 /* GroupChatCell */,
				B65C094D1DE3218C00A98CED /* ImageCollectionViewCell */,
				B65C09521DE3399B00A98CED /* LabelCollectionViewCell */,
			);
			path = Cells;
			sourceTree = "<group>";
		};
		E1FEBFF201A393191364223E /* Views */ = {
			isa = PBXGroup;
			children = (
				E7A5B22A1DC258AE00ED2887 /* GradientButton.swift */,
			);
			path = Views;
			sourceTree = "<group>";
		};
		E7327A671DDDD1D000512EFF /* Cells */ = {
			isa = PBXGroup;
			children = (
				E7327A681DDDD21500512EFF /* TeamCell.swift */,
				E7327A691DDDD21500512EFF /* TeamCell.xib */,
			);
			path = Cells;
			sourceTree = "<group>";
		};
		E75F0DCE1DE2F7CF005630B9 /* Authorization */ = {
			isa = PBXGroup;
			children = (
				E7327A761DE21B4A00512EFF /* ServerPingTarget.swift */,
				E7327A7A1DE2252800512EFF /* AllTeamsTarget.swift */,
				E75F0DCF1DE2F954005630B9 /* SignInTarget.swift */,
			);
			path = Authorization;
			sourceTree = "<group>";
		};
		E75F0DD11DE3177A005630B9 /* Reusable */ = {
			isa = PBXGroup;
			children = (
				E75F0DD21DE317D6005630B9 /* NibLoadable.swift */,
				E75F0DD31DE317D6005630B9 /* Reusable.swift */,
				E75F0DD41DE317D6005630B9 /* UICollectionView+Reusable.swift */,
				E75F0DD51DE317D6005630B9 /* UITableView+Reusable.swift */,
			);
			path = Reusable;
			sourceTree = "<group>";
		};
		E7967D331DCFB0CB0025F402 /* Networking */ = {
			isa = PBXGroup;
			children = (
				E7E1C9C71DD8AA4300338846 /* SessionManager.swift */,
				E7327A741DE2075C00512EFF /* NetworkingConstants.swift */,
				E7E1C9C41DD8A99000338846 /* Targets */,
				059802361DD1FE4900AE01C2 /* Mapping */,
				059802301DD1DD9200AE01C2 /* Models */,
				0598020D1DD0D31700AE01C2 /* ErrorHandling */,
			);
			path = Networking;
			sourceTree = "<group>";
		};
		E7967D3A1DD04EBA0025F402 /* Main */ = {
			isa = PBXGroup;
			children = (
				B6E118E21DDEFBB90012FD13 /* MainRouting.swift */,
				E7967D3B1DD04FB40025F402 /* Main.storyboard */,
				E7967D3D1DD04FE10025F402 /* MainCoordinator.swift */,
				E7967D3F1DD04FF00025F402 /* MainRouter.swift */,
				B6E118DC1DDEFBB90012FD13 /* Chats */,
			);
			path = Main;
			sourceTree = "<group>";
		};
		E7A328531DAFE02200C8A6B9 = {
			isa = PBXGroup;
			children = (
				E7A3285E1DAFE02200C8A6B9 /* Mattermost */,
				E7A328731DAFE02200C8A6B9 /* MattermostTests */,
				E7A3287E1DAFE02200C8A6B9 /* MattermostUITests */,
				E7A3285D1DAFE02200C8A6B9 /* Products */,
				A74A7464CFC3EBB4C4CAC557 /* Pods */,
				8052B8FF208275A91A3514E6 /* Frameworks */,
			);
			sourceTree = "<group>";
		};
		E7A3285D1DAFE02200C8A6B9 /* Products */ = {
			isa = PBXGroup;
			children = (
				E7A3285C1DAFE02200C8A6B9 /* Mattermost.app */,
				E7A328701DAFE02200C8A6B9 /* MattermostTests.xctest */,
				E7A3287B1DAFE02200C8A6B9 /* MattermostUITests.xctest */,
			);
			name = Products;
			sourceTree = "<group>";
		};
		E7A3285E1DAFE02200C8A6B9 /* Mattermost */ = {
			isa = PBXGroup;
			children = (
				B6E119071DDEFBFA0012FD13 /* 3rdPartyLibraries */,
				05A4BA891DD215FA007FAA18 /* Mattermost.entitlements */,
				E7A3288D1DAFE13B00C8A6B9 /* App */,
				E1FEB0CDBF27AD3F5D411DBE /* Common */,
				E7967D331DCFB0CB0025F402 /* Networking */,
				059802131DD0E4FA00AE01C2 /* Services */,
				E1FEB080E6FA78BD4B1739EB /* Authorization */,
				E7967D3A1DD04EBA0025F402 /* Main */,
				B6E118EA1DDEFBD60012FD13 /* Menu */,
				E1FEBC21F4502D5B95BB8926 /* Resources */,
			);
			path = Mattermost;
			sourceTree = "<group>";
		};
		E7A328731DAFE02200C8A6B9 /* MattermostTests */ = {
			isa = PBXGroup;
			children = (
				E7A328741DAFE02200C8A6B9 /* MattermostTests.swift */,
				E7A328761DAFE02200C8A6B9 /* Info.plist */,
			);
			path = MattermostTests;
			sourceTree = "<group>";
		};
		E7A3287E1DAFE02200C8A6B9 /* MattermostUITests */ = {
			isa = PBXGroup;
			children = (
				E7A3287F1DAFE02200C8A6B9 /* MattermostUITests.swift */,
				E7A328811DAFE02200C8A6B9 /* Info.plist */,
			);
			path = MattermostUITests;
			sourceTree = "<group>";
		};
		E7A3288D1DAFE13B00C8A6B9 /* App */ = {
			isa = PBXGroup;
			children = (
				E1FEBB7F050FCC09395E2BAF /* AppDelegate.swift */,
				E7A5B21D1DC1F84A00ED2887 /* AppCoordinator.swift */,
			);
			path = App;
			sourceTree = "<group>";
		};
		E7A5B2231DC21DB700ED2887 /* ServerSelection */ = {
			isa = PBXGroup;
			children = (
				4AECF7C75E265C9140F7C44A /* ServerSelectionProtocols.swift */,
				BB052551A2DB190AA400A464 /* ServerSelectionPresenter.swift */,
				86D6FF0481C053D251BC65D1 /* ServerSelectionViewController.swift */,
				E32FE9C905A5B69560BEE44C /* ServerSelectionInteractor.swift */,
				E7967D2B1DCCDE3C0025F402 /* ServerSelectionWireframe.swift */,
			);
			path = ServerSelection;
			sourceTree = "<group>";
		};
		E7A5B2241DC2216700ED2887 /* Protocols */ = {
			isa = PBXGroup;
			children = (
				E7662BDD1DC73FA100E82AFC /* Routing.swift */,
				E7967D411DD073230025F402 /* Validators.swift */,
				059802191DD0E6A600AE01C2 /* Dictionary.swift */,
				E7E1C9C01DD61DB400338846 /* ActivityIndication.swift */,
				E7E1C9C21DD61F0900338846 /* ErrorShowing.swift */,
			);
			path = Protocols;
			sourceTree = "<group>";
		};
		E7DCD8411DC9ECCE00F599D8 /* Tools */ = {
			isa = PBXGroup;
			children = (
				B6E118D61DDEFB8C0012FD13 /* AppearanceManager.swift */,
				B6E118D71DDEFB8C0012FD13 /* NavigationManager.swift */,
				E7DCD8421DC9F19400F599D8 /* KeyboardHandler.swift */,
				E7AE43F51DCA5A6500475B8F /* HideKeyboardRecognizer.swift */,
			);
			path = Tools;
			sourceTree = "<group>";
		};
		E7E1C9BD1DD4A02F00338846 /* ViewControllers */ = {
			isa = PBXGroup;
			children = (
				E7E1C9BE1DD4A07600338846 /* FormViewController.swift */,
			);
			path = ViewControllers;
			sourceTree = "<group>";
		};
		E7E1C9C41DD8A99000338846 /* Targets */ = {
			isa = PBXGroup;
			children = (
				E7E1C9C51DD8A9AE00338846 /* MattermostTarget.swift */,
				E75F0DCE1DE2F7CF005630B9 /* Authorization */,
				B64CB89C1DE4501A008EF34B /* Channels */,
			);
			path = Targets;
			sourceTree = "<group>";
		};
/* End PBXGroup section */

/* Begin PBXNativeTarget section */
		E7A3285B1DAFE02200C8A6B9 /* Mattermost */ = {
			isa = PBXNativeTarget;
			buildConfigurationList = E7A328841DAFE02200C8A6B9 /* Build configuration list for PBXNativeTarget "Mattermost" */;
			buildPhases = (
				056F15D4921D7F74281F146B /* [CP] Check Pods Manifest.lock */,
				E7A5B21C1DC1F0B700ED2887 /* ShellScript */,
				E7A328581DAFE02200C8A6B9 /* Sources */,
				E7A328591DAFE02200C8A6B9 /* Frameworks */,
				E7A3285A1DAFE02200C8A6B9 /* Resources */,
				2757F9DD36F9FE29AA558135 /* [CP] Embed Pods Frameworks */,
				AB1ACFFB5E71824607102CD3 /* [CP] Copy Pods Resources */,
				0598021F1DD0ED3E00AE01C2 /* ShellScript */,
			);
			buildRules = (
			);
			dependencies = (
			);
			name = Mattermost;
			productName = Mattermost;
			productReference = E7A3285C1DAFE02200C8A6B9 /* Mattermost.app */;
			productType = "com.apple.product-type.application";
		};
		E7A3286F1DAFE02200C8A6B9 /* MattermostTests */ = {
			isa = PBXNativeTarget;
			buildConfigurationList = E7A328871DAFE02200C8A6B9 /* Build configuration list for PBXNativeTarget "MattermostTests" */;
			buildPhases = (
				E7A3286C1DAFE02200C8A6B9 /* Sources */,
				E7A3286D1DAFE02200C8A6B9 /* Frameworks */,
				E7A3286E1DAFE02200C8A6B9 /* Resources */,
			);
			buildRules = (
			);
			dependencies = (
				E7A328721DAFE02200C8A6B9 /* PBXTargetDependency */,
			);
			name = MattermostTests;
			productName = MattermostTests;
			productReference = E7A328701DAFE02200C8A6B9 /* MattermostTests.xctest */;
			productType = "com.apple.product-type.bundle.unit-test";
		};
		E7A3287A1DAFE02200C8A6B9 /* MattermostUITests */ = {
			isa = PBXNativeTarget;
			buildConfigurationList = E7A3288A1DAFE02200C8A6B9 /* Build configuration list for PBXNativeTarget "MattermostUITests" */;
			buildPhases = (
				E7A328771DAFE02200C8A6B9 /* Sources */,
				E7A328781DAFE02200C8A6B9 /* Frameworks */,
				E7A328791DAFE02200C8A6B9 /* Resources */,
			);
			buildRules = (
			);
			dependencies = (
				E7A3287D1DAFE02200C8A6B9 /* PBXTargetDependency */,
			);
			name = MattermostUITests;
			productName = MattermostUITests;
			productReference = E7A3287B1DAFE02200C8A6B9 /* MattermostUITests.xctest */;
			productType = "com.apple.product-type.bundle.ui-testing";
		};
/* End PBXNativeTarget section */

/* Begin PBXProject section */
		E7A328541DAFE02200C8A6B9 /* Project object */ = {
			isa = PBXProject;
			attributes = {
				LastSwiftUpdateCheck = 0800;
				LastUpgradeCheck = 0800;
				ORGANIZATIONNAME = "AppliKey Solutions";
				TargetAttributes = {
					E7A3285B1DAFE02200C8A6B9 = {
						CreatedOnToolsVersion = 8.0;
						DevelopmentTeam = 2B98M2M42F;
						ProvisioningStyle = Manual;
						SystemCapabilities = {
							com.apple.Keychain = {
								enabled = 1;
							};
						};
					};
					E7A3286F1DAFE02200C8A6B9 = {
						CreatedOnToolsVersion = 8.0;
						ProvisioningStyle = Automatic;
						TestTargetID = E7A3285B1DAFE02200C8A6B9;
					};
					E7A3287A1DAFE02200C8A6B9 = {
						CreatedOnToolsVersion = 8.0;
						ProvisioningStyle = Automatic;
						TestTargetID = E7A3285B1DAFE02200C8A6B9;
					};
				};
			};
			buildConfigurationList = E7A328571DAFE02200C8A6B9 /* Build configuration list for PBXProject "Mattermost" */;
			compatibilityVersion = "Xcode 3.2";
			developmentRegion = English;
			hasScannedForEncodings = 0;
			knownRegions = (
				en,
				Base,
			);
			mainGroup = E7A328531DAFE02200C8A6B9;
			productRefGroup = E7A3285D1DAFE02200C8A6B9 /* Products */;
			projectDirPath = "";
			projectRoot = "";
			targets = (
				E7A3285B1DAFE02200C8A6B9 /* Mattermost */,
				E7A3286F1DAFE02200C8A6B9 /* MattermostTests */,
				E7A3287A1DAFE02200C8A6B9 /* MattermostUITests */,
			);
		};
/* End PBXProject section */

/* Begin PBXResourcesBuildPhase section */
		E7A3285A1DAFE02200C8A6B9 /* Resources */ = {
			isa = PBXResourcesBuildPhase;
			buildActionMask = 2147483647;
			files = (
				E7A5B2281DC24FEE00ED2887 /* Authorization.storyboard in Resources */,
				E7967D3C1DD04FB40025F402 /* Main.storyboard in Resources */,
				E7DCD8451DCA155000F599D8 /* Localizable.strings in Resources */,
				B6E119001DDEFBD60012FD13 /* Menu.storyboard in Resources */,
				E1FEBAD0DF2234629E7B91A1 /* Assets.xcassets in Resources */,
				E7327A6B1DDDD21500512EFF /* TeamCell.xib in Resources */,
				E1FEB9B3622451AB29AC886D /* LaunchScreen.storyboard in Resources */,
				B6E119211DDF174B0012FD13 /* SingleChatCell.xib in Resources */,
				B65C094C1DE3218600A98CED /* ImageCollectionViewCell.xib in Resources */,
				B6E1192C1DDF623A0012FD13 /* GroupChatCell.xib in Resources */,
				B65C09511DE3399700A98CED /* LabelCollectionViewCell.xib in Resources */,
			);
			runOnlyForDeploymentPostprocessing = 0;
		};
		E7A3286E1DAFE02200C8A6B9 /* Resources */ = {
			isa = PBXResourcesBuildPhase;
			buildActionMask = 2147483647;
			files = (
			);
			runOnlyForDeploymentPostprocessing = 0;
		};
		E7A328791DAFE02200C8A6B9 /* Resources */ = {
			isa = PBXResourcesBuildPhase;
			buildActionMask = 2147483647;
			files = (
			);
			runOnlyForDeploymentPostprocessing = 0;
		};
/* End PBXResourcesBuildPhase section */

/* Begin PBXShellScriptBuildPhase section */
		056F15D4921D7F74281F146B /* [CP] Check Pods Manifest.lock */ = {
			isa = PBXShellScriptBuildPhase;
			buildActionMask = 2147483647;
			files = (
			);
			inputPaths = (
			);
			name = "[CP] Check Pods Manifest.lock";
			outputPaths = (
			);
			runOnlyForDeploymentPostprocessing = 0;
			shellPath = /bin/sh;
			shellScript = "diff \"${PODS_ROOT}/../Podfile.lock\" \"${PODS_ROOT}/Manifest.lock\" > /dev/null\nif [ $? != 0 ] ; then\n    # print error to STDERR\n    echo \"error: The sandbox is not in sync with the Podfile.lock. Run 'pod install' or update your CocoaPods installation.\" >&2\n    exit 1\nfi\n";
			showEnvVarsInLog = 0;
		};
		0598021F1DD0ED3E00AE01C2 /* ShellScript */ = {
			isa = PBXShellScriptBuildPhase;
			buildActionMask = 2147483647;
			files = (
			);
			inputPaths = (
			);
			outputPaths = (
			);
			runOnlyForDeploymentPostprocessing = 0;
			shellPath = /bin/sh;
			shellScript = "TAGS=\"TODO:|FIXME:\"\necho \"searching ${SRCROOT}for ${TAGS}\"\nfind \"${SRCROOT}\" -not -path \"${SRCROOT}/Pods/*\" \\( -name \"*.swift\" \\) -print0 | xargs -0 egrep --with-filename --line-number --only-matching \"($TAGS).*\\$\" | perl -p -e \"s/($TAGS)/ warning: \\$1/\"";
		};
		2757F9DD36F9FE29AA558135 /* [CP] Embed Pods Frameworks */ = {
			isa = PBXShellScriptBuildPhase;
			buildActionMask = 2147483647;
			files = (
			);
			inputPaths = (
			);
			name = "[CP] Embed Pods Frameworks";
			outputPaths = (
			);
			runOnlyForDeploymentPostprocessing = 0;
			shellPath = /bin/sh;
			shellScript = "\"${SRCROOT}/Pods/Target Support Files/Pods-Mattermost/Pods-Mattermost-frameworks.sh\"\n";
			showEnvVarsInLog = 0;
		};
		AB1ACFFB5E71824607102CD3 /* [CP] Copy Pods Resources */ = {
			isa = PBXShellScriptBuildPhase;
			buildActionMask = 2147483647;
			files = (
			);
			inputPaths = (
			);
			name = "[CP] Copy Pods Resources";
			outputPaths = (
			);
			runOnlyForDeploymentPostprocessing = 0;
			shellPath = /bin/sh;
			shellScript = "\"${SRCROOT}/Pods/Target Support Files/Pods-Mattermost/Pods-Mattermost-resources.sh\"\n";
			showEnvVarsInLog = 0;
		};
		E7A5B21C1DC1F0B700ED2887 /* ShellScript */ = {
			isa = PBXShellScriptBuildPhase;
			buildActionMask = 2147483647;
			files = (
			);
			inputPaths = (
			);
			outputPaths = (
			);
			runOnlyForDeploymentPostprocessing = 0;
			shellPath = /bin/sh;
			shellScript = "\"$PODS_ROOT/R.swift/rswift\" \"$SRCROOT/Mattermost/Resources\"";
		};
/* End PBXShellScriptBuildPhase section */

/* Begin PBXSourcesBuildPhase section */
		E7A328581DAFE02200C8A6B9 /* Sources */ = {
			isa = PBXSourcesBuildPhase;
			buildActionMask = 2147483647;
			files = (
				E7A5B21E1DC1F84A00ED2887 /* AppCoordinator.swift in Sources */,
				B6E119271DDF563D0012FD13 /* UIImageView+ImageDownloading.swift in Sources */,
				E7A5B22B1DC258AE00ED2887 /* GradientButton.swift in Sources */,
				E7662BDE1DC73FA100E82AFC /* Routing.swift in Sources */,
				B6E119011DDEFBD60012FD13 /* SettingsInteractor.swift in Sources */,
				B64CB89B1DE447C6008EF34B /* ChannelsService.swift in Sources */,
				E7A5B2201DC20EC400ED2887 /* AuthorizationCoordinator.swift in Sources */,
				B65C094B1DE3218600A98CED /* ImageCollectionViewCell.swift in Sources */,
				B6E119051DDEFBD60012FD13 /* SettingsWireframe.swift in Sources */,
				B6E118E81DDEFBB90012FD13 /* ChatsWireframe.swift in Sources */,
				B6E1192B1DDF623A0012FD13 /* GroupChatCell.swift in Sources */,
				0598023C1DD1FFA000AE01C2 /* User.swift in Sources */,
				E7967D2C1DCCDE3C0025F402 /* ServerSelectionWireframe.swift in Sources */,
				E75F0DD01DE2F954005630B9 /* SignInTarget.swift in Sources */,
				E7967D401DD04FF00025F402 /* MainRouter.swift in Sources */,
				B69548801DE4A7E400C476E1 /* DateHelper.swift in Sources */,
				0598020C1DD0CFD800AE01C2 /* NSErrorExtensions.swift in Sources */,
				B6E119041DDEFBD60012FD13 /* SettingsViewController.swift in Sources */,
				B6E119181DDEFBFA0012FD13 /* SideMenuController+SideUnder.swift in Sources */,
				E1FEB01077FE23850335AEDB /* AppDelegate.swift in Sources */,
				B688D4541DE35A72002EAE46 /* ErrorShowing.swift in Sources */,
				DFC407B61DEC56C7002C1FFF /* UserStatusesTarget.swift in Sources */,
				B6E119061DDEFBD60012FD13 /* SideMenuCoordinator.swift in Sources */,
				E7A5B2221DC2137400ED2887 /* R.generated.swift in Sources */,
				0598023B1DD1FFA000AE01C2 /* Team.swift in Sources */,
				B6E118FF1DDEFBD60012FD13 /* MenuWireframe.swift in Sources */,
				B6E119021DDEFBD60012FD13 /* SettingsPresenter.swift in Sources */,
				E7A5B22D1DC261C200ED2887 /* UIView+IBInspectable.swift in Sources */,
				E7327A751DE2075C00512EFF /* NetworkingConstants.swift in Sources */,
				059802381DD1FE6500AE01C2 /* ObjectMapperMapping.swift in Sources */,
				E7E1C9CA1DD9EA8100338846 /* ErrorMapper.swift in Sources */,
				B6E118DB1DDEFB9C0012FD13 /* TabBarItemExtension.swift in Sources */,
				60E0C1D4BA031AE6AACA07D7 /* ServerSelectionProtocols.swift in Sources */,
				E7967D301DCCE71E0025F402 /* SignInWireframe.swift in Sources */,
				B6E1191B1DDEFBFA0012FD13 /* UIKitExtensions.swift in Sources */,
				B6E119161DDEFBFA0012FD13 /* SideMenuController+CustomTypes.swift in Sources */,
				B6E119251DDF327C0012FD13 /* ChatRepresentationModel.swift in Sources */,
				5B6736DFD1D6387C3B402C0E /* ServerSelectionViewController.swift in Sources */,
				059802321DD1DD9200AE01C2 /* ClientError.swift in Sources */,
				B6E118D81DDEFB8C0012FD13 /* AppearanceManager.swift in Sources */,
				E7662BE01DC7497000E82AFC /* Aliases.swift in Sources */,
				E7327A7B1DE2252800512EFF /* AllTeamsTarget.swift in Sources */,
				E7967D2E1DCCE2C30025F402 /* AuthorizationRouter.swift in Sources */,
				B65C09501DE3399700A98CED /* LabelCollectionViewCell.swift in Sources */,
				B69548841DE5E29600C476E1 /* ChannelDetails.swift in Sources */,
				762226E5F9B9149D5D258BAE /* ServerSelectionPresenter.swift in Sources */,
				E7DCD8431DC9F19400F599D8 /* KeyboardHandler.swift in Sources */,
				B6E119171DDEFBFA0012FD13 /* SideMenuController+SideOver.swift in Sources */,
				059802351DD1F2E500AE01C2 /* DefaultsService.swift in Sources */,
				E7967D421DD073230025F402 /* Validators.swift in Sources */,
				E7AE43F61DCA5A6500475B8F /* HideKeyboardRecognizer.swift in Sources */,
				E7327A6A1DDDD21500512EFF /* TeamCell.swift in Sources */,
				B6E118FC1DDEFBD60012FD13 /* MenuProtocols.swift in Sources */,
				B6E118FE1DDEFBD60012FD13 /* MenuViewModel.swift in Sources */,
				B64CB8A01DE45745008EF34B /* Channel.swift in Sources */,
				B688D4561DE35A99002EAE46 /* UICollectionView+Reusable.swift in Sources */,
				E7967D321DCFA92D0025F402 /* UINavigationBar+Shadow.swift in Sources */,
				B6E118FA1DDEFBD60012FD13 /* MenuInteractor.swift in Sources */,
				E734990E1DE319B300C257A5 /* AuthorizationService.swift in Sources */,
				B6E118E41DDEFBB90012FD13 /* ChatsInteractor.swift in Sources */,
				32BC97FE87976F5750722109 /* ServerSelectionInteractor.swift in Sources */,
				BFE20322EC44EEB648B2F19A /* SignInProtocols.swift in Sources */,
				B6E119031DDEFBD60012FD13 /* SettingsProtocols.swift in Sources */,
				E734990F1DE319E700C257A5 /* Keychain.swift in Sources */,
				B6E118E91DDEFBB90012FD13 /* MainRouting.swift in Sources */,
				EEC2A5C891FD92145D059CCF /* SignInViewController.swift in Sources */,
				616CF365F1D150AAD8132D66 /* SignInPresenter.swift in Sources */,
				E7E1C9C81DD8AA4300338846 /* SessionManager.swift in Sources */,
				B6E119141DDEFBFA0012FD13 /* CenterContainmentSegue.swift in Sources */,
				B6E118E51DDEFBB90012FD13 /* ChatsPresenter.swift in Sources */,
				E75F0DD71DE317D6005630B9 /* Reusable.swift in Sources */,
				B6E118FD1DDEFBD60012FD13 /* MenuViewController.swift in Sources */,
				E75F0DD91DE317D6005630B9 /* UITableView+Reusable.swift in Sources */,
				E7AE43F41DCA531700475B8F /* UIResponder+FirstResponder.swift in Sources */,
				059802151DD0E59500AE01C2 /* UserSessionService.swift in Sources */,
				B688D4551DE35A8E002EAE46 /* NibLoadable.swift in Sources */,
				B6E1191D1DDEFC410012FD13 /* LabelCell.swift in Sources */,
				B6E118D91DDEFB8C0012FD13 /* NavigationManager.swift in Sources */,
				8D7CC4105BB3F751220B3B45 /* SignInInteractor.swift in Sources */,
				E7AE43F21DCA4E4900475B8F /* UIView+CurrentConstraints.swift in Sources */,
				E7E1C9BF1DD4A07600338846 /* FormViewController.swift in Sources */,
				B69548821DE5E02D00C476E1 /* ChannelDetailsTarget.swift in Sources */,
				B6E118E61DDEFBB90012FD13 /* ChatsProtocols.swift in Sources */,
				B6E118E71DDEFBB90012FD13 /* ChatsViewController.swift in Sources */,
				DFEE1D061DECA59700B5BF00 /* ArrayParameterEncoding.swift in Sources */,
				AE93AAC666D6403D05529721 /* ForgotPassProtocols.swift in Sources */,
				173DCC60CC82AF4BB9CB8D13 /* ForgotPassViewController.swift in Sources */,
				B6E119201DDF174B0012FD13 /* SingleChatCell.swift in Sources */,
				B69548861DE6F4E300C476E1 /* PostsTarget.swift in Sources */,
				B6BC89B91DE7032C00318EC8 /* Post.swift in Sources */,
				99E70DE0B255E98927AA1AB2 /* ForgotPassPresenter.swift in Sources */,
				CEF5EA6357C16A206FD10CE3 /* ForgotPassInteractor.swift in Sources */,
				B6E1191A1DDEFBFA0012FD13 /* TransitionAnimator.swift in Sources */,
				E29BE190D7FDF84BF453E961 /* ForgotPassWireframe.swift in Sources */,
				520649B1426F38DD83F40367 /* TeamSelectionProtocols.swift in Sources */,
				E7967D3E1DD04FE10025F402 /* MainCoordinator.swift in Sources */,
				E7E1C9C61DD8A9AE00338846 /* MattermostTarget.swift in Sources */,
				FABCACF157FD70E5DD6A644E /* TeamSelectionViewController.swift in Sources */,
				05A4BA8B1DD21B1B007FAA18 /* URL+Validation.swift in Sources */,
				E7E1C9C11DD61DB400338846 /* ActivityIndication.swift in Sources */,
				E7327A7D1DE2257D00512EFF /* NetworkService.swift in Sources */,
				2A44C1DC0FB2F137E249CE0A /* TeamSelectionPresenter.swift in Sources */,
				05A4BA8D1DD23BF7007FAA18 /* ServerPing.swift in Sources */,
				87FA385537A2102552BBE990 /* TeamSelectionInteractor.swift in Sources */,
				B64CB89E1DE4503A008EF34B /* ChannelsTarget.swift in Sources */,
				14B13733842F1F1044A404E9 /* TeamSelectionWireframe.swift in Sources */,
				B6E119231DDF30690012FD13 /* UIColorExtensions.swift in Sources */,
				0598021A1DD0E6A600AE01C2 /* Dictionary.swift in Sources */,
				E7327A791DE21E8F00512EFF /* ResponseMapping.swift in Sources */,
				E7327A771DE21B4A00512EFF /* ServerPingTarget.swift in Sources */,
				B6E118FB1DDEFBD60012FD13 /* MenuPresenter.swift in Sources */,
				B6E119151DDEFBFA0012FD13 /* SideContainmentSegue.swift in Sources */,
				B6E119191DDEFBFA0012FD13 /* SideMenuController.swift in Sources */,
			);
			runOnlyForDeploymentPostprocessing = 0;
		};
		E7A3286C1DAFE02200C8A6B9 /* Sources */ = {
			isa = PBXSourcesBuildPhase;
			buildActionMask = 2147483647;
			files = (
				E7A328751DAFE02200C8A6B9 /* MattermostTests.swift in Sources */,
			);
			runOnlyForDeploymentPostprocessing = 0;
		};
		E7A328771DAFE02200C8A6B9 /* Sources */ = {
			isa = PBXSourcesBuildPhase;
			buildActionMask = 2147483647;
			files = (
				E7A328801DAFE02200C8A6B9 /* MattermostUITests.swift in Sources */,
			);
			runOnlyForDeploymentPostprocessing = 0;
		};
/* End PBXSourcesBuildPhase section */

/* Begin PBXTargetDependency section */
		E7A328721DAFE02200C8A6B9 /* PBXTargetDependency */ = {
			isa = PBXTargetDependency;
			target = E7A3285B1DAFE02200C8A6B9 /* Mattermost */;
			targetProxy = E7A328711DAFE02200C8A6B9 /* PBXContainerItemProxy */;
		};
		E7A3287D1DAFE02200C8A6B9 /* PBXTargetDependency */ = {
			isa = PBXTargetDependency;
			target = E7A3285B1DAFE02200C8A6B9 /* Mattermost */;
			targetProxy = E7A3287C1DAFE02200C8A6B9 /* PBXContainerItemProxy */;
		};
/* End PBXTargetDependency section */

/* Begin PBXVariantGroup section */
		E1FEB3756A1639D28C72AA79 /* LaunchScreen.storyboard */ = {
			isa = PBXVariantGroup;
			children = (
				E1FEBC03397771BFF833A59E /* Base */,
			);
			name = LaunchScreen.storyboard;
			sourceTree = "<group>";
		};
/* End PBXVariantGroup section */

/* Begin XCBuildConfiguration section */
		E7A328821DAFE02200C8A6B9 /* Debug */ = {
			isa = XCBuildConfiguration;
			buildSettings = {
				ALWAYS_SEARCH_USER_PATHS = NO;
				CLANG_ANALYZER_NONNULL = YES;
				CLANG_CXX_LANGUAGE_STANDARD = "gnu++0x";
				CLANG_CXX_LIBRARY = "libc++";
				CLANG_ENABLE_MODULES = YES;
				CLANG_ENABLE_OBJC_ARC = YES;
				CLANG_WARN_BOOL_CONVERSION = YES;
				CLANG_WARN_CONSTANT_CONVERSION = YES;
				CLANG_WARN_DIRECT_OBJC_ISA_USAGE = YES_ERROR;
				CLANG_WARN_DOCUMENTATION_COMMENTS = YES;
				CLANG_WARN_EMPTY_BODY = YES;
				CLANG_WARN_ENUM_CONVERSION = YES;
				CLANG_WARN_INFINITE_RECURSION = YES;
				CLANG_WARN_INT_CONVERSION = YES;
				CLANG_WARN_OBJC_ROOT_CLASS = YES_ERROR;
				CLANG_WARN_SUSPICIOUS_MOVES = YES;
				CLANG_WARN_UNREACHABLE_CODE = YES;
				CLANG_WARN__DUPLICATE_METHOD_MATCH = YES;
				"CODE_SIGN_IDENTITY[sdk=iphoneos*]" = "iPhone Developer";
				COPY_PHASE_STRIP = NO;
				DEBUG_INFORMATION_FORMAT = dwarf;
				ENABLE_STRICT_OBJC_MSGSEND = YES;
				ENABLE_TESTABILITY = YES;
				GCC_C_LANGUAGE_STANDARD = gnu99;
				GCC_DYNAMIC_NO_PIC = NO;
				GCC_NO_COMMON_BLOCKS = YES;
				GCC_OPTIMIZATION_LEVEL = 0;
				GCC_PREPROCESSOR_DEFINITIONS = (
					"DEBUG=1",
					"$(inherited)",
				);
				GCC_WARN_64_TO_32_BIT_CONVERSION = YES;
				GCC_WARN_ABOUT_RETURN_TYPE = YES_ERROR;
				GCC_WARN_UNDECLARED_SELECTOR = YES;
				GCC_WARN_UNINITIALIZED_AUTOS = YES_AGGRESSIVE;
				GCC_WARN_UNUSED_FUNCTION = YES;
				GCC_WARN_UNUSED_VARIABLE = YES;
				IPHONEOS_DEPLOYMENT_TARGET = 10.0;
				MTL_ENABLE_DEBUG_INFO = YES;
				ONLY_ACTIVE_ARCH = YES;
				SDKROOT = iphoneos;
				SWIFT_ACTIVE_COMPILATION_CONDITIONS = DEBUG;
				SWIFT_OPTIMIZATION_LEVEL = "-Onone";
				TARGETED_DEVICE_FAMILY = "1,2";
			};
			name = Debug;
		};
		E7A328831DAFE02200C8A6B9 /* Release */ = {
			isa = XCBuildConfiguration;
			buildSettings = {
				ALWAYS_SEARCH_USER_PATHS = NO;
				CLANG_ANALYZER_NONNULL = YES;
				CLANG_CXX_LANGUAGE_STANDARD = "gnu++0x";
				CLANG_CXX_LIBRARY = "libc++";
				CLANG_ENABLE_MODULES = YES;
				CLANG_ENABLE_OBJC_ARC = YES;
				CLANG_WARN_BOOL_CONVERSION = YES;
				CLANG_WARN_CONSTANT_CONVERSION = YES;
				CLANG_WARN_DIRECT_OBJC_ISA_USAGE = YES_ERROR;
				CLANG_WARN_DOCUMENTATION_COMMENTS = YES;
				CLANG_WARN_EMPTY_BODY = YES;
				CLANG_WARN_ENUM_CONVERSION = YES;
				CLANG_WARN_INFINITE_RECURSION = YES;
				CLANG_WARN_INT_CONVERSION = YES;
				CLANG_WARN_OBJC_ROOT_CLASS = YES_ERROR;
				CLANG_WARN_SUSPICIOUS_MOVES = YES;
				CLANG_WARN_UNREACHABLE_CODE = YES;
				CLANG_WARN__DUPLICATE_METHOD_MATCH = YES;
				"CODE_SIGN_IDENTITY[sdk=iphoneos*]" = "iPhone Developer";
				COPY_PHASE_STRIP = NO;
				DEBUG_INFORMATION_FORMAT = "dwarf-with-dsym";
				ENABLE_NS_ASSERTIONS = NO;
				ENABLE_STRICT_OBJC_MSGSEND = YES;
				GCC_C_LANGUAGE_STANDARD = gnu99;
				GCC_NO_COMMON_BLOCKS = YES;
				GCC_WARN_64_TO_32_BIT_CONVERSION = YES;
				GCC_WARN_ABOUT_RETURN_TYPE = YES_ERROR;
				GCC_WARN_UNDECLARED_SELECTOR = YES;
				GCC_WARN_UNINITIALIZED_AUTOS = YES_AGGRESSIVE;
				GCC_WARN_UNUSED_FUNCTION = YES;
				GCC_WARN_UNUSED_VARIABLE = YES;
				IPHONEOS_DEPLOYMENT_TARGET = 10.0;
				MTL_ENABLE_DEBUG_INFO = NO;
				SDKROOT = iphoneos;
				SWIFT_OPTIMIZATION_LEVEL = "-Owholemodule";
				TARGETED_DEVICE_FAMILY = "1,2";
				VALIDATE_PRODUCT = YES;
			};
			name = Release;
		};
		E7A328851DAFE02200C8A6B9 /* Debug */ = {
			isa = XCBuildConfiguration;
			baseConfigurationReference = A01F046DF9EC8F9899A7F700 /* Pods-Mattermost.debug.xcconfig */;
			buildSettings = {
				ASSETCATALOG_COMPILER_APPICON_NAME = AppIcon;
				CODE_SIGN_ENTITLEMENTS = Mattermost/Mattermost.entitlements;
				DEVELOPMENT_TEAM = 2B98M2M42F;
				INFOPLIST_FILE = Mattermost/Resources/Info.plist;
				LD_RUNPATH_SEARCH_PATHS = "$(inherited) @executable_path/Frameworks";
				PRODUCT_BUNDLE_IDENTIFIER = com.applikey.Mattermost;
				PRODUCT_NAME = "$(TARGET_NAME)";
				PROVISIONING_PROFILE = "50dd01c5-0880-4586-a629-8888420be157";
				PROVISIONING_PROFILE_SPECIFIER = "Mattermost Development";
				SWIFT_VERSION = 3.0;
				TARGETED_DEVICE_FAMILY = 1;
			};
			name = Debug;
		};
		E7A328861DAFE02200C8A6B9 /* Release */ = {
			isa = XCBuildConfiguration;
			baseConfigurationReference = 5C1CD18CF3E4BA61C009B889 /* Pods-Mattermost.release.xcconfig */;
			buildSettings = {
				ASSETCATALOG_COMPILER_APPICON_NAME = AppIcon;
				CODE_SIGN_ENTITLEMENTS = Mattermost/Mattermost.entitlements;
				"CODE_SIGN_IDENTITY[sdk=iphoneos*]" = "iPhone Distribution";
				DEVELOPMENT_TEAM = 2B98M2M42F;
				INFOPLIST_FILE = Mattermost/Resources/Info.plist;
				LD_RUNPATH_SEARCH_PATHS = "$(inherited) @executable_path/Frameworks";
				PRODUCT_BUNDLE_IDENTIFIER = com.applikey.Mattermost;
				PRODUCT_NAME = "$(TARGET_NAME)";
				PROVISIONING_PROFILE = "225e32fa-4adf-4a3a-a71f-5810effadb80";
				PROVISIONING_PROFILE_SPECIFIER = "Mattermost Distribution";
				SWIFT_VERSION = 3.0;
				TARGETED_DEVICE_FAMILY = 1;
			};
			name = Release;
		};
		E7A328881DAFE02200C8A6B9 /* Debug */ = {
			isa = XCBuildConfiguration;
			buildSettings = {
				ALWAYS_EMBED_SWIFT_STANDARD_LIBRARIES = YES;
				BUNDLE_LOADER = "$(TEST_HOST)";
				INFOPLIST_FILE = MattermostTests/Info.plist;
				LD_RUNPATH_SEARCH_PATHS = "$(inherited) @executable_path/Frameworks @loader_path/Frameworks";
				PRODUCT_BUNDLE_IDENTIFIER = com.applikey.MattermostTests;
				PRODUCT_NAME = "$(TARGET_NAME)";
				SWIFT_VERSION = 3.0;
				TEST_HOST = "$(BUILT_PRODUCTS_DIR)/Mattermost.app/Mattermost";
			};
			name = Debug;
		};
		E7A328891DAFE02200C8A6B9 /* Release */ = {
			isa = XCBuildConfiguration;
			buildSettings = {
				ALWAYS_EMBED_SWIFT_STANDARD_LIBRARIES = YES;
				BUNDLE_LOADER = "$(TEST_HOST)";
				INFOPLIST_FILE = MattermostTests/Info.plist;
				LD_RUNPATH_SEARCH_PATHS = "$(inherited) @executable_path/Frameworks @loader_path/Frameworks";
				PRODUCT_BUNDLE_IDENTIFIER = com.applikey.MattermostTests;
				PRODUCT_NAME = "$(TARGET_NAME)";
				SWIFT_VERSION = 3.0;
				TEST_HOST = "$(BUILT_PRODUCTS_DIR)/Mattermost.app/Mattermost";
			};
			name = Release;
		};
		E7A3288B1DAFE02200C8A6B9 /* Debug */ = {
			isa = XCBuildConfiguration;
			buildSettings = {
				ALWAYS_EMBED_SWIFT_STANDARD_LIBRARIES = YES;
				INFOPLIST_FILE = MattermostUITests/Info.plist;
				LD_RUNPATH_SEARCH_PATHS = "$(inherited) @executable_path/Frameworks @loader_path/Frameworks";
				PRODUCT_BUNDLE_IDENTIFIER = com.applikey.MattermostUITests;
				PRODUCT_NAME = "$(TARGET_NAME)";
				SWIFT_VERSION = 3.0;
				TEST_TARGET_NAME = Mattermost;
			};
			name = Debug;
		};
		E7A3288C1DAFE02200C8A6B9 /* Release */ = {
			isa = XCBuildConfiguration;
			buildSettings = {
				ALWAYS_EMBED_SWIFT_STANDARD_LIBRARIES = YES;
				INFOPLIST_FILE = MattermostUITests/Info.plist;
				LD_RUNPATH_SEARCH_PATHS = "$(inherited) @executable_path/Frameworks @loader_path/Frameworks";
				PRODUCT_BUNDLE_IDENTIFIER = com.applikey.MattermostUITests;
				PRODUCT_NAME = "$(TARGET_NAME)";
				SWIFT_VERSION = 3.0;
				TEST_TARGET_NAME = Mattermost;
			};
			name = Release;
		};
/* End XCBuildConfiguration section */

/* Begin XCConfigurationList section */
		E7A328571DAFE02200C8A6B9 /* Build configuration list for PBXProject "Mattermost" */ = {
			isa = XCConfigurationList;
			buildConfigurations = (
				E7A328821DAFE02200C8A6B9 /* Debug */,
				E7A328831DAFE02200C8A6B9 /* Release */,
			);
			defaultConfigurationIsVisible = 0;
			defaultConfigurationName = Release;
		};
		E7A328841DAFE02200C8A6B9 /* Build configuration list for PBXNativeTarget "Mattermost" */ = {
			isa = XCConfigurationList;
			buildConfigurations = (
				E7A328851DAFE02200C8A6B9 /* Debug */,
				E7A328861DAFE02200C8A6B9 /* Release */,
			);
			defaultConfigurationIsVisible = 0;
			defaultConfigurationName = Release;
		};
		E7A328871DAFE02200C8A6B9 /* Build configuration list for PBXNativeTarget "MattermostTests" */ = {
			isa = XCConfigurationList;
			buildConfigurations = (
				E7A328881DAFE02200C8A6B9 /* Debug */,
				E7A328891DAFE02200C8A6B9 /* Release */,
			);
			defaultConfigurationIsVisible = 0;
			defaultConfigurationName = Release;
		};
		E7A3288A1DAFE02200C8A6B9 /* Build configuration list for PBXNativeTarget "MattermostUITests" */ = {
			isa = XCConfigurationList;
			buildConfigurations = (
				E7A3288B1DAFE02200C8A6B9 /* Debug */,
				E7A3288C1DAFE02200C8A6B9 /* Release */,
			);
			defaultConfigurationIsVisible = 0;
			defaultConfigurationName = Release;
		};
/* End XCConfigurationList section */
	};
	rootObject = E7A328541DAFE02200C8A6B9 /* Project object */;
}
